// !$*UTF8*$!
{
	archiveVersion = 1;
	classes = {
	};
	objectVersion = 46;
	objects = {

/* Begin PBXBuildFile section */
		60455D2B2D3CC971690A19C9 /* libPods-RealDudesWorkout.a in Frameworks */ = {isa = PBXBuildFile; fileRef = 7D8FA97201C279063F456360 /* libPods-RealDudesWorkout.a */; };
		AB19B3BF1D349B4A009D54D0 /* IntroView.xib in Resources */ = {isa = PBXBuildFile; fileRef = AB19B3BE1D349B49009D54D0 /* IntroView.xib */; };
		AB19B3C21D349F8D009D54D0 /* IntroView.m in Sources */ = {isa = PBXBuildFile; fileRef = AB19B3C11D349F8D009D54D0 /* IntroView.m */; };
		AB1D4D121C9628FD00E71342 /* Accessory+CoreDataProperties.m in Sources */ = {isa = PBXBuildFile; fileRef = AB1D4D0F1C9628FD00E71342 /* Accessory+CoreDataProperties.m */; };
		AB1D4D131C9628FD00E71342 /* Accessory.m in Sources */ = {isa = PBXBuildFile; fileRef = AB1D4D111C9628FD00E71342 /* Accessory.m */; };
		AB2A39061CE3FDF1005DD03A /* NumberOfWorkouts.xib in Resources */ = {isa = PBXBuildFile; fileRef = AB2A39051CE3FDF1005DD03A /* NumberOfWorkouts.xib */; };
		AB2A39091CE3FFB5005DD03A /* NumberOfWorkoutsView.m in Sources */ = {isa = PBXBuildFile; fileRef = AB2A39081CE3FFB5005DD03A /* NumberOfWorkoutsView.m */; };
		AB2A390C1CE404CC005DD03A /* HomeViewController.m in Sources */ = {isa = PBXBuildFile; fileRef = AB2A390B1CE404CC005DD03A /* HomeViewController.m */; };
		AB2A39101CEA2BDA005DD03A /* WorkoutScrollSummaryCell.xib in Resources */ = {isa = PBXBuildFile; fileRef = AB2A390F1CEA2BD9005DD03A /* WorkoutScrollSummaryCell.xib */; };
		AB2A39121CEA2EE7005DD03A /* ExcerciseTotal.xib in Resources */ = {isa = PBXBuildFile; fileRef = AB2A39111CEA2EE7005DD03A /* ExcerciseTotal.xib */; };
		AB2A39151CEA315F005DD03A /* ExcerciseTotalView.m in Sources */ = {isa = PBXBuildFile; fileRef = AB2A39141CEA315F005DD03A /* ExcerciseTotalView.m */; };
		AB2A391B1CEA3371005DD03A /* WorkoutScrollSummaryCellView.m in Sources */ = {isa = PBXBuildFile; fileRef = AB2A391A1CEA3371005DD03A /* WorkoutScrollSummaryCellView.m */; };
		AB2A39211CEA35CE005DD03A /* WorkoutSummaryScrollTableViewCell.m in Sources */ = {isa = PBXBuildFile; fileRef = AB2A39201CEA35CE005DD03A /* WorkoutSummaryScrollTableViewCell.m */; };
		AB345D8E1C9260F800604D55 /* ActiveWorkoutViewController.m in Sources */ = {isa = PBXBuildFile; fileRef = AB345D8D1C9260F800604D55 /* ActiveWorkoutViewController.m */; };
		AB41F2CB1C90FC25009D7E63 /* main.m in Sources */ = {isa = PBXBuildFile; fileRef = AB41F2CA1C90FC25009D7E63 /* main.m */; };
		AB41F2CE1C90FC25009D7E63 /* AppDelegate.m in Sources */ = {isa = PBXBuildFile; fileRef = AB41F2CD1C90FC25009D7E63 /* AppDelegate.m */; };
		AB41F2D61C90FC25009D7E63 /* Assets.xcassets in Resources */ = {isa = PBXBuildFile; fileRef = AB41F2D51C90FC25009D7E63 /* Assets.xcassets */; };
		AB41F2D91C90FC25009D7E63 /* LaunchScreen.storyboard in Resources */ = {isa = PBXBuildFile; fileRef = AB41F2D71C90FC25009D7E63 /* LaunchScreen.storyboard */; };
		AB41F2E21C90FC48009D7E63 /* Model.xcdatamodeld in Sources */ = {isa = PBXBuildFile; fileRef = AB41F2E01C90FC48009D7E63 /* Model.xcdatamodeld */; };
		AB41F2EB1C90FE33009D7E63 /* Excercise+CoreDataProperties.m in Sources */ = {isa = PBXBuildFile; fileRef = AB41F2E41C90FE33009D7E63 /* Excercise+CoreDataProperties.m */; };
		AB41F2EC1C90FE33009D7E63 /* Excercise.m in Sources */ = {isa = PBXBuildFile; fileRef = AB41F2E61C90FE33009D7E63 /* Excercise.m */; };
		AB41F2ED1C90FE33009D7E63 /* Workout+CoreDataProperties.m in Sources */ = {isa = PBXBuildFile; fileRef = AB41F2E81C90FE33009D7E63 /* Workout+CoreDataProperties.m */; };
		AB41F2EE1C90FE33009D7E63 /* Workout.m in Sources */ = {isa = PBXBuildFile; fileRef = AB41F2EA1C90FE33009D7E63 /* Workout.m */; };
		AB41F2F11C90FE4C009D7E63 /* DataStore.m in Sources */ = {isa = PBXBuildFile; fileRef = AB41F2F01C90FE4C009D7E63 /* DataStore.m */; };
		AB41F2F81C91255D009D7E63 /* addIcon.png in Resources */ = {isa = PBXBuildFile; fileRef = AB41F2F71C91255D009D7E63 /* addIcon.png */; };
		AB92E7CD1CB2A14900199034 /* TotalsFrontPageCell.xib in Resources */ = {isa = PBXBuildFile; fileRef = AB92E7CC1CB2A14900199034 /* TotalsFrontPageCell.xib */; };
		AB92E7D01CB2A98700199034 /* TotalsFrontPageCellView.m in Sources */ = {isa = PBXBuildFile; fileRef = AB92E7CF1CB2A98700199034 /* TotalsFrontPageCellView.m */; };
		ABA977701C99D41A00D04639 /* Main.storyboard in Resources */ = {isa = PBXBuildFile; fileRef = ABA9776F1C99D41A00D04639 /* Main.storyboard */; };
		ABA977B11C9CA7BB00D04639 /* Circuit+CoreDataProperties.m in Sources */ = {isa = PBXBuildFile; fileRef = ABA977AA1C9CA7BB00D04639 /* Circuit+CoreDataProperties.m */; };
		ABA977B21C9CA7BB00D04639 /* Circuit.m in Sources */ = {isa = PBXBuildFile; fileRef = ABA977AC1C9CA7BB00D04639 /* Circuit.m */; };
		ABA977B31C9CA7BB00D04639 /* ExcerciseSet+CoreDataProperties.m in Sources */ = {isa = PBXBuildFile; fileRef = ABA977AE1C9CA7BB00D04639 /* ExcerciseSet+CoreDataProperties.m */; };
		ABA977B41C9CA7BB00D04639 /* ExcerciseSet.m in Sources */ = {isa = PBXBuildFile; fileRef = ABA977B01C9CA7BB00D04639 /* ExcerciseSet.m */; };
		ABA977B91C9D9FD900D04639 /* User+CoreDataProperties.m in Sources */ = {isa = PBXBuildFile; fileRef = ABA977B61C9D9FD900D04639 /* User+CoreDataProperties.m */; };
		ABA977BA1C9D9FD900D04639 /* User.m in Sources */ = {isa = PBXBuildFile; fileRef = ABA977B81C9D9FD900D04639 /* User.m */; };
		ABA977BE1C9F5E2F00D04639 /* ExcerciseView.xib in Resources */ = {isa = PBXBuildFile; fileRef = ABA977BD1C9F5E2F00D04639 /* ExcerciseView.xib */; };
		ABA977C11C9F602E00D04639 /* RestView.m in Sources */ = {isa = PBXBuildFile; fileRef = ABA977C01C9F602E00D04639 /* RestView.m */; };
		ABA977C41C9F984A00D04639 /* ExcerciseView.m in Sources */ = {isa = PBXBuildFile; fileRef = ABA977C31C9F984A00D04639 /* ExcerciseView.m */; };
		ABA977C61C9F9FD000D04639 /* RestView.xib in Resources */ = {isa = PBXBuildFile; fileRef = ABA977C51C9F9FD000D04639 /* RestView.xib */; };
		ABC0B6501CECD12B00938033 /* StartWorkoutButton.xib in Resources */ = {isa = PBXBuildFile; fileRef = ABC0B64F1CECD12B00938033 /* StartWorkoutButton.xib */; };
		ABC0B6531CECD29A00938033 /* StartWorkoutButtonView.m in Sources */ = {isa = PBXBuildFile; fileRef = ABC0B6521CECD29A00938033 /* StartWorkoutButtonView.m */; };
		ABC0B6781CEE5D8F00938033 /* WorkoutOnBoard.xib in Resources */ = {isa = PBXBuildFile; fileRef = ABC0B6771CEE5D8F00938033 /* WorkoutOnBoard.xib */; };
		ABC0B67B1CEFBE3700938033 /* WorkoutOnBoardView.m in Sources */ = {isa = PBXBuildFile; fileRef = ABC0B67A1CEFBE3700938033 /* WorkoutOnBoardView.m */; };
		ABC0B67D1CF0C13300938033 /* AccessoryOnBoard.xib in Resources */ = {isa = PBXBuildFile; fileRef = ABC0B67C1CF0C13300938033 /* AccessoryOnBoard.xib */; };
		ABC0B6801CF0C48000938033 /* AccessoryOnBoardView.m in Sources */ = {isa = PBXBuildFile; fileRef = ABC0B67F1CF0C48000938033 /* AccessoryOnBoardView.m */; };
		ABC0B6821CF112CA00938033 /* GenerateWorkout.xib in Resources */ = {isa = PBXBuildFile; fileRef = ABC0B6811CF112CA00938033 /* GenerateWorkout.xib */; };
		ABC0B6851CF113DC00938033 /* GenerateWorkoutView.m in Sources */ = {isa = PBXBuildFile; fileRef = ABC0B6841CF113DC00938033 /* GenerateWorkoutView.m */; };
		ABC0B6871CF11FEF00938033 /* GenerateWorkoutExcercise.xib in Resources */ = {isa = PBXBuildFile; fileRef = ABC0B6861CF11FEF00938033 /* GenerateWorkoutExcercise.xib */; };
		ABC0B68A1CF124E100938033 /* GenerateWorkoutExcerciseView.m in Sources */ = {isa = PBXBuildFile; fileRef = ABC0B6891CF124E100938033 /* GenerateWorkoutExcerciseView.m */; };
		ABC0B68C1CF3AD1300938033 /* RestView2.xib in Resources */ = {isa = PBXBuildFile; fileRef = ABC0B68B1CF3AD1200938033 /* RestView2.xib */; };
		ABC0B68E1CF3B68400938033 /* ExcerciseRestView.xib in Resources */ = {isa = PBXBuildFile; fileRef = ABC0B68D1CF3B68400938033 /* ExcerciseRestView.xib */; };
		ABC0B6911CF3B77200938033 /* ExcerciseRestView.m in Sources */ = {isa = PBXBuildFile; fileRef = ABC0B6901CF3B77200938033 /* ExcerciseRestView.m */; };
		ABC0B6941CF3B8E100938033 /* RestView2.m in Sources */ = {isa = PBXBuildFile; fileRef = ABC0B6931CF3B8E100938033 /* RestView2.m */; };
		ABC0B6BE1CF5F63D00938033 /* WorkoutTotalsTopCell.xib in Resources */ = {isa = PBXBuildFile; fileRef = ABC0B6BD1CF5F63C00938033 /* WorkoutTotalsTopCell.xib */; };
		ABC0B6C11CF5F76C00938033 /* WorkoutTotalsTopCellView.m in Sources */ = {isa = PBXBuildFile; fileRef = ABC0B6C01CF5F76C00938033 /* WorkoutTotalsTopCellView.m */; };
		ABC0B6C41CF5F82400938033 /* WorkoutTotalsTopCellTableViewCell.m in Sources */ = {isa = PBXBuildFile; fileRef = ABC0B6C31CF5F82400938033 /* WorkoutTotalsTopCellTableViewCell.m */; };
		ABCE7FF91CF672B400E93339 /* WorkoutDetail.xib in Resources */ = {isa = PBXBuildFile; fileRef = ABCE7FF81CF672B300E93339 /* WorkoutDetail.xib */; };
		ABCE7FFC1CF73FBF00E93339 /* WorkoutDetailView.m in Sources */ = {isa = PBXBuildFile; fileRef = ABCE7FFB1CF73FBF00E93339 /* WorkoutDetailView.m */; };
		ABCE7FFE1D05D80A00E93339 /* ExerciseDescription.xib in Resources */ = {isa = PBXBuildFile; fileRef = ABCE7FFD1D05D80900E93339 /* ExerciseDescription.xib */; };
		ABCE80011D05DAF000E93339 /* ExerciseDescriptionView.m in Sources */ = {isa = PBXBuildFile; fileRef = ABCE80001D05DAF000E93339 /* ExerciseDescriptionView.m */; };
		ABCE80031D060AA600E93339 /* WorkoutTotalIndividual.xib in Resources */ = {isa = PBXBuildFile; fileRef = ABCE80021D060AA600E93339 /* WorkoutTotalIndividual.xib */; };
		ABCE80061D060E6E00E93339 /* WorkoutTotalIndividualView.m in Sources */ = {isa = PBXBuildFile; fileRef = ABCE80051D060E6E00E93339 /* WorkoutTotalIndividualView.m */; };
		ABDFCF3D1D1F18AC00FF3007 /* NSString+BDC_Utility.m in Sources */ = {isa = PBXBuildFile; fileRef = ABDFCF3C1D1F18AC00FF3007 /* NSString+BDC_Utility.m */; };
		ABDFCF3F1D2085F100FF3007 /* WorkoutTotalsDetail.xib in Resources */ = {isa = PBXBuildFile; fileRef = ABDFCF3E1D2085F100FF3007 /* WorkoutTotalsDetail.xib */; };
		ABDFCF421D208C9000FF3007 /* WorkoutTotalsDetailView.m in Sources */ = {isa = PBXBuildFile; fileRef = ABDFCF411D208C9000FF3007 /* WorkoutTotalsDetailView.m */; };
		ABDFCF441D20DDD000FF3007 /* LastTwelveMonthsWorkoutTotals.xib in Resources */ = {isa = PBXBuildFile; fileRef = ABDFCF431D20DDD000FF3007 /* LastTwelveMonthsWorkoutTotals.xib */; };
		ABDFCF471D20E4CB00FF3007 /* WeeklyWorkoutTotalsView.m in Sources */ = {isa = PBXBuildFile; fileRef = ABDFCF461D20E4CB00FF3007 /* WeeklyWorkoutTotalsView.m */; };
		ABDFCF4A1D29535E00FF3007 /* CalendarDay.xib in Resources */ = {isa = PBXBuildFile; fileRef = ABDFCF491D29535E00FF3007 /* CalendarDay.xib */; };
		ABDFCF4D1D29541E00FF3007 /* CalendarDay.m in Sources */ = {isa = PBXBuildFile; fileRef = ABDFCF4C1D29541E00FF3007 /* CalendarDay.m */; };
		ABDFCF4F1D29553C00FF3007 /* CalendarMonth.xib in Resources */ = {isa = PBXBuildFile; fileRef = ABDFCF4E1D29553C00FF3007 /* CalendarMonth.xib */; };
		ABDFCF521D2958EA00FF3007 /* CalendarMonth.m in Sources */ = {isa = PBXBuildFile; fileRef = ABDFCF511D2958EA00FF3007 /* CalendarMonth.m */; };
		ABDFCF541D29D7C500FF3007 /* MonthlyWorkoutCalendar.xib in Resources */ = {isa = PBXBuildFile; fileRef = ABDFCF531D29D7C500FF3007 /* MonthlyWorkoutCalendar.xib */; };
		ABDFCF571D29DA3100FF3007 /* MonthlyWorkoutCalendarTopCellView.m in Sources */ = {isa = PBXBuildFile; fileRef = ABDFCF561D29DA3100FF3007 /* MonthlyWorkoutCalendarTopCellView.m */; };
/* End PBXBuildFile section */

/* Begin PBXFileReference section */
		43C50A71DB08BD7B22B20E3C /* Pods-RealDudesWorkout.release.xcconfig */ = {isa = PBXFileReference; includeInIndex = 1; lastKnownFileType = text.xcconfig; name = "Pods-RealDudesWorkout.release.xcconfig"; path = "Pods/Target Support Files/Pods-RealDudesWorkout/Pods-RealDudesWorkout.release.xcconfig"; sourceTree = "<group>"; };
		6AC68073E94711102B10B694 /* Pods-RealDudesWorkout.debug.xcconfig */ = {isa = PBXFileReference; includeInIndex = 1; lastKnownFileType = text.xcconfig; name = "Pods-RealDudesWorkout.debug.xcconfig"; path = "Pods/Target Support Files/Pods-RealDudesWorkout/Pods-RealDudesWorkout.debug.xcconfig"; sourceTree = "<group>"; };
		7D8FA97201C279063F456360 /* libPods-RealDudesWorkout.a */ = {isa = PBXFileReference; explicitFileType = archive.ar; includeInIndex = 0; path = "libPods-RealDudesWorkout.a"; sourceTree = BUILT_PRODUCTS_DIR; };
		AB19B3BE1D349B49009D54D0 /* IntroView.xib */ = {isa = PBXFileReference; fileEncoding = 4; lastKnownFileType = file.xib; path = IntroView.xib; sourceTree = "<group>"; };
		AB19B3C01D349F8D009D54D0 /* IntroView.h */ = {isa = PBXFileReference; fileEncoding = 4; lastKnownFileType = sourcecode.c.h; path = IntroView.h; sourceTree = "<group>"; };
		AB19B3C11D349F8D009D54D0 /* IntroView.m */ = {isa = PBXFileReference; fileEncoding = 4; lastKnownFileType = sourcecode.c.objc; path = IntroView.m; sourceTree = "<group>"; };
		AB1D4D0E1C9628FD00E71342 /* Accessory+CoreDataProperties.h */ = {isa = PBXFileReference; fileEncoding = 4; lastKnownFileType = sourcecode.c.h; path = "Accessory+CoreDataProperties.h"; sourceTree = "<group>"; };
		AB1D4D0F1C9628FD00E71342 /* Accessory+CoreDataProperties.m */ = {isa = PBXFileReference; fileEncoding = 4; lastKnownFileType = sourcecode.c.objc; path = "Accessory+CoreDataProperties.m"; sourceTree = "<group>"; };
		AB1D4D101C9628FD00E71342 /* Accessory.h */ = {isa = PBXFileReference; fileEncoding = 4; lastKnownFileType = sourcecode.c.h; path = Accessory.h; sourceTree = "<group>"; };
		AB1D4D111C9628FD00E71342 /* Accessory.m */ = {isa = PBXFileReference; fileEncoding = 4; lastKnownFileType = sourcecode.c.objc; path = Accessory.m; sourceTree = "<group>"; };
		AB2A39051CE3FDF1005DD03A /* NumberOfWorkouts.xib */ = {isa = PBXFileReference; fileEncoding = 4; lastKnownFileType = file.xib; path = NumberOfWorkouts.xib; sourceTree = "<group>"; };
		AB2A39071CE3FFB5005DD03A /* NumberOfWorkoutsView.h */ = {isa = PBXFileReference; fileEncoding = 4; lastKnownFileType = sourcecode.c.h; path = NumberOfWorkoutsView.h; sourceTree = "<group>"; };
		AB2A39081CE3FFB5005DD03A /* NumberOfWorkoutsView.m */ = {isa = PBXFileReference; fileEncoding = 4; lastKnownFileType = sourcecode.c.objc; path = NumberOfWorkoutsView.m; sourceTree = "<group>"; };
		AB2A390A1CE404CC005DD03A /* HomeViewController.h */ = {isa = PBXFileReference; fileEncoding = 4; lastKnownFileType = sourcecode.c.h; path = HomeViewController.h; sourceTree = "<group>"; };
		AB2A390B1CE404CC005DD03A /* HomeViewController.m */ = {isa = PBXFileReference; fileEncoding = 4; lastKnownFileType = sourcecode.c.objc; path = HomeViewController.m; sourceTree = "<group>"; };
		AB2A390F1CEA2BD9005DD03A /* WorkoutScrollSummaryCell.xib */ = {isa = PBXFileReference; fileEncoding = 4; lastKnownFileType = file.xib; path = WorkoutScrollSummaryCell.xib; sourceTree = "<group>"; };
		AB2A39111CEA2EE7005DD03A /* ExcerciseTotal.xib */ = {isa = PBXFileReference; fileEncoding = 4; lastKnownFileType = file.xib; path = ExcerciseTotal.xib; sourceTree = "<group>"; };
		AB2A39131CEA315F005DD03A /* ExcerciseTotalView.h */ = {isa = PBXFileReference; fileEncoding = 4; lastKnownFileType = sourcecode.c.h; path = ExcerciseTotalView.h; sourceTree = "<group>"; };
		AB2A39141CEA315F005DD03A /* ExcerciseTotalView.m */ = {isa = PBXFileReference; fileEncoding = 4; lastKnownFileType = sourcecode.c.objc; path = ExcerciseTotalView.m; sourceTree = "<group>"; };
		AB2A39191CEA3371005DD03A /* WorkoutScrollSummaryCellView.h */ = {isa = PBXFileReference; fileEncoding = 4; lastKnownFileType = sourcecode.c.h; path = WorkoutScrollSummaryCellView.h; sourceTree = "<group>"; };
		AB2A391A1CEA3371005DD03A /* WorkoutScrollSummaryCellView.m */ = {isa = PBXFileReference; fileEncoding = 4; lastKnownFileType = sourcecode.c.objc; path = WorkoutScrollSummaryCellView.m; sourceTree = "<group>"; };
		AB2A391F1CEA35CE005DD03A /* WorkoutSummaryScrollTableViewCell.h */ = {isa = PBXFileReference; fileEncoding = 4; lastKnownFileType = sourcecode.c.h; path = WorkoutSummaryScrollTableViewCell.h; sourceTree = "<group>"; };
		AB2A39201CEA35CE005DD03A /* WorkoutSummaryScrollTableViewCell.m */ = {isa = PBXFileReference; fileEncoding = 4; lastKnownFileType = sourcecode.c.objc; path = WorkoutSummaryScrollTableViewCell.m; sourceTree = "<group>"; };
		AB345D8C1C9260F800604D55 /* ActiveWorkoutViewController.h */ = {isa = PBXFileReference; fileEncoding = 4; lastKnownFileType = sourcecode.c.h; path = ActiveWorkoutViewController.h; sourceTree = "<group>"; };
		AB345D8D1C9260F800604D55 /* ActiveWorkoutViewController.m */ = {isa = PBXFileReference; fileEncoding = 4; lastKnownFileType = sourcecode.c.objc; path = ActiveWorkoutViewController.m; sourceTree = "<group>"; };
		AB41F2C61C90FC25009D7E63 /* RealDudesWorkout.app */ = {isa = PBXFileReference; explicitFileType = wrapper.application; includeInIndex = 0; path = RealDudesWorkout.app; sourceTree = BUILT_PRODUCTS_DIR; };
		AB41F2CA1C90FC25009D7E63 /* main.m */ = {isa = PBXFileReference; lastKnownFileType = sourcecode.c.objc; path = main.m; sourceTree = "<group>"; };
		AB41F2CC1C90FC25009D7E63 /* AppDelegate.h */ = {isa = PBXFileReference; lastKnownFileType = sourcecode.c.h; path = AppDelegate.h; sourceTree = "<group>"; };
		AB41F2CD1C90FC25009D7E63 /* AppDelegate.m */ = {isa = PBXFileReference; lastKnownFileType = sourcecode.c.objc; path = AppDelegate.m; sourceTree = "<group>"; };
		AB41F2D51C90FC25009D7E63 /* Assets.xcassets */ = {isa = PBXFileReference; lastKnownFileType = folder.assetcatalog; path = Assets.xcassets; sourceTree = "<group>"; };
		AB41F2D81C90FC25009D7E63 /* Base */ = {isa = PBXFileReference; lastKnownFileType = file.storyboard; name = Base; path = Base.lproj/LaunchScreen.storyboard; sourceTree = "<group>"; };
		AB41F2DA1C90FC25009D7E63 /* Info.plist */ = {isa = PBXFileReference; lastKnownFileType = text.plist.xml; path = Info.plist; sourceTree = "<group>"; };
		AB41F2E11C90FC48009D7E63 /* Model.xcdatamodel */ = {isa = PBXFileReference; lastKnownFileType = wrapper.xcdatamodel; path = Model.xcdatamodel; sourceTree = "<group>"; };
		AB41F2E31C90FE33009D7E63 /* Excercise+CoreDataProperties.h */ = {isa = PBXFileReference; fileEncoding = 4; lastKnownFileType = sourcecode.c.h; path = "Excercise+CoreDataProperties.h"; sourceTree = "<group>"; };
		AB41F2E41C90FE33009D7E63 /* Excercise+CoreDataProperties.m */ = {isa = PBXFileReference; fileEncoding = 4; lastKnownFileType = sourcecode.c.objc; path = "Excercise+CoreDataProperties.m"; sourceTree = "<group>"; };
		AB41F2E51C90FE33009D7E63 /* Excercise.h */ = {isa = PBXFileReference; fileEncoding = 4; lastKnownFileType = sourcecode.c.h; path = Excercise.h; sourceTree = "<group>"; };
		AB41F2E61C90FE33009D7E63 /* Excercise.m */ = {isa = PBXFileReference; fileEncoding = 4; lastKnownFileType = sourcecode.c.objc; path = Excercise.m; sourceTree = "<group>"; };
		AB41F2E71C90FE33009D7E63 /* Workout+CoreDataProperties.h */ = {isa = PBXFileReference; fileEncoding = 4; lastKnownFileType = sourcecode.c.h; path = "Workout+CoreDataProperties.h"; sourceTree = "<group>"; };
		AB41F2E81C90FE33009D7E63 /* Workout+CoreDataProperties.m */ = {isa = PBXFileReference; fileEncoding = 4; lastKnownFileType = sourcecode.c.objc; path = "Workout+CoreDataProperties.m"; sourceTree = "<group>"; };
		AB41F2E91C90FE33009D7E63 /* Workout.h */ = {isa = PBXFileReference; fileEncoding = 4; lastKnownFileType = sourcecode.c.h; path = Workout.h; sourceTree = "<group>"; };
		AB41F2EA1C90FE33009D7E63 /* Workout.m */ = {isa = PBXFileReference; fileEncoding = 4; lastKnownFileType = sourcecode.c.objc; path = Workout.m; sourceTree = "<group>"; };
		AB41F2EF1C90FE4C009D7E63 /* DataStore.h */ = {isa = PBXFileReference; fileEncoding = 4; lastKnownFileType = sourcecode.c.h; path = DataStore.h; sourceTree = "<group>"; };
		AB41F2F01C90FE4C009D7E63 /* DataStore.m */ = {isa = PBXFileReference; fileEncoding = 4; lastKnownFileType = sourcecode.c.objc; path = DataStore.m; sourceTree = "<group>"; };
		AB41F2F71C91255D009D7E63 /* addIcon.png */ = {isa = PBXFileReference; lastKnownFileType = image.png; path = addIcon.png; sourceTree = "<group>"; };
		AB92E7CC1CB2A14900199034 /* TotalsFrontPageCell.xib */ = {isa = PBXFileReference; fileEncoding = 4; lastKnownFileType = file.xib; path = TotalsFrontPageCell.xib; sourceTree = "<group>"; };
		AB92E7CE1CB2A98700199034 /* TotalsFrontPageCellView.h */ = {isa = PBXFileReference; fileEncoding = 4; lastKnownFileType = sourcecode.c.h; path = TotalsFrontPageCellView.h; sourceTree = "<group>"; };
		AB92E7CF1CB2A98700199034 /* TotalsFrontPageCellView.m */ = {isa = PBXFileReference; fileEncoding = 4; lastKnownFileType = sourcecode.c.objc; path = TotalsFrontPageCellView.m; sourceTree = "<group>"; };
		ABA9776F1C99D41A00D04639 /* Main.storyboard */ = {isa = PBXFileReference; fileEncoding = 4; lastKnownFileType = file.storyboard; path = Main.storyboard; sourceTree = "<group>"; };
		ABA977A91C9CA7BB00D04639 /* Circuit+CoreDataProperties.h */ = {isa = PBXFileReference; fileEncoding = 4; lastKnownFileType = sourcecode.c.h; path = "Circuit+CoreDataProperties.h"; sourceTree = "<group>"; };
		ABA977AA1C9CA7BB00D04639 /* Circuit+CoreDataProperties.m */ = {isa = PBXFileReference; fileEncoding = 4; lastKnownFileType = sourcecode.c.objc; path = "Circuit+CoreDataProperties.m"; sourceTree = "<group>"; };
		ABA977AB1C9CA7BB00D04639 /* Circuit.h */ = {isa = PBXFileReference; fileEncoding = 4; lastKnownFileType = sourcecode.c.h; path = Circuit.h; sourceTree = "<group>"; };
		ABA977AC1C9CA7BB00D04639 /* Circuit.m */ = {isa = PBXFileReference; fileEncoding = 4; lastKnownFileType = sourcecode.c.objc; path = Circuit.m; sourceTree = "<group>"; };
		ABA977AD1C9CA7BB00D04639 /* ExcerciseSet+CoreDataProperties.h */ = {isa = PBXFileReference; fileEncoding = 4; lastKnownFileType = sourcecode.c.h; path = "ExcerciseSet+CoreDataProperties.h"; sourceTree = "<group>"; };
		ABA977AE1C9CA7BB00D04639 /* ExcerciseSet+CoreDataProperties.m */ = {isa = PBXFileReference; fileEncoding = 4; lastKnownFileType = sourcecode.c.objc; path = "ExcerciseSet+CoreDataProperties.m"; sourceTree = "<group>"; };
		ABA977AF1C9CA7BB00D04639 /* ExcerciseSet.h */ = {isa = PBXFileReference; fileEncoding = 4; lastKnownFileType = sourcecode.c.h; path = ExcerciseSet.h; sourceTree = "<group>"; };
		ABA977B01C9CA7BB00D04639 /* ExcerciseSet.m */ = {isa = PBXFileReference; fileEncoding = 4; lastKnownFileType = sourcecode.c.objc; path = ExcerciseSet.m; sourceTree = "<group>"; };
		ABA977B51C9D9FD900D04639 /* User+CoreDataProperties.h */ = {isa = PBXFileReference; fileEncoding = 4; lastKnownFileType = sourcecode.c.h; path = "User+CoreDataProperties.h"; sourceTree = "<group>"; };
		ABA977B61C9D9FD900D04639 /* User+CoreDataProperties.m */ = {isa = PBXFileReference; fileEncoding = 4; lastKnownFileType = sourcecode.c.objc; path = "User+CoreDataProperties.m"; sourceTree = "<group>"; };
		ABA977B71C9D9FD900D04639 /* User.h */ = {isa = PBXFileReference; fileEncoding = 4; lastKnownFileType = sourcecode.c.h; path = User.h; sourceTree = "<group>"; };
		ABA977B81C9D9FD900D04639 /* User.m */ = {isa = PBXFileReference; fileEncoding = 4; lastKnownFileType = sourcecode.c.objc; path = User.m; sourceTree = "<group>"; };
		ABA977BD1C9F5E2F00D04639 /* ExcerciseView.xib */ = {isa = PBXFileReference; fileEncoding = 4; lastKnownFileType = file.xib; path = ExcerciseView.xib; sourceTree = "<group>"; };
		ABA977BF1C9F602E00D04639 /* RestView.h */ = {isa = PBXFileReference; fileEncoding = 4; lastKnownFileType = sourcecode.c.h; path = RestView.h; sourceTree = "<group>"; };
		ABA977C01C9F602E00D04639 /* RestView.m */ = {isa = PBXFileReference; fileEncoding = 4; lastKnownFileType = sourcecode.c.objc; path = RestView.m; sourceTree = "<group>"; };
		ABA977C21C9F984A00D04639 /* ExcerciseView.h */ = {isa = PBXFileReference; fileEncoding = 4; lastKnownFileType = sourcecode.c.h; path = ExcerciseView.h; sourceTree = "<group>"; };
		ABA977C31C9F984A00D04639 /* ExcerciseView.m */ = {isa = PBXFileReference; fileEncoding = 4; lastKnownFileType = sourcecode.c.objc; path = ExcerciseView.m; sourceTree = "<group>"; };
		ABA977C51C9F9FD000D04639 /* RestView.xib */ = {isa = PBXFileReference; fileEncoding = 4; lastKnownFileType = file.xib; path = RestView.xib; sourceTree = "<group>"; };
		ABC0B64F1CECD12B00938033 /* StartWorkoutButton.xib */ = {isa = PBXFileReference; fileEncoding = 4; lastKnownFileType = file.xib; path = StartWorkoutButton.xib; sourceTree = "<group>"; };
		ABC0B6511CECD29A00938033 /* StartWorkoutButtonView.h */ = {isa = PBXFileReference; fileEncoding = 4; lastKnownFileType = sourcecode.c.h; path = StartWorkoutButtonView.h; sourceTree = "<group>"; };
		ABC0B6521CECD29A00938033 /* StartWorkoutButtonView.m */ = {isa = PBXFileReference; fileEncoding = 4; lastKnownFileType = sourcecode.c.objc; path = StartWorkoutButtonView.m; sourceTree = "<group>"; };
		ABC0B6771CEE5D8F00938033 /* WorkoutOnBoard.xib */ = {isa = PBXFileReference; fileEncoding = 4; lastKnownFileType = file.xib; path = WorkoutOnBoard.xib; sourceTree = "<group>"; };
		ABC0B6791CEFBE3700938033 /* WorkoutOnBoardView.h */ = {isa = PBXFileReference; fileEncoding = 4; lastKnownFileType = sourcecode.c.h; path = WorkoutOnBoardView.h; sourceTree = "<group>"; };
		ABC0B67A1CEFBE3700938033 /* WorkoutOnBoardView.m */ = {isa = PBXFileReference; fileEncoding = 4; lastKnownFileType = sourcecode.c.objc; path = WorkoutOnBoardView.m; sourceTree = "<group>"; };
		ABC0B67C1CF0C13300938033 /* AccessoryOnBoard.xib */ = {isa = PBXFileReference; fileEncoding = 4; lastKnownFileType = file.xib; path = AccessoryOnBoard.xib; sourceTree = "<group>"; };
		ABC0B67E1CF0C48000938033 /* AccessoryOnBoardView.h */ = {isa = PBXFileReference; fileEncoding = 4; lastKnownFileType = sourcecode.c.h; path = AccessoryOnBoardView.h; sourceTree = "<group>"; };
		ABC0B67F1CF0C48000938033 /* AccessoryOnBoardView.m */ = {isa = PBXFileReference; fileEncoding = 4; lastKnownFileType = sourcecode.c.objc; path = AccessoryOnBoardView.m; sourceTree = "<group>"; };
		ABC0B6811CF112CA00938033 /* GenerateWorkout.xib */ = {isa = PBXFileReference; fileEncoding = 4; lastKnownFileType = file.xib; path = GenerateWorkout.xib; sourceTree = "<group>"; };
		ABC0B6831CF113DC00938033 /* GenerateWorkoutView.h */ = {isa = PBXFileReference; fileEncoding = 4; lastKnownFileType = sourcecode.c.h; path = GenerateWorkoutView.h; sourceTree = "<group>"; };
		ABC0B6841CF113DC00938033 /* GenerateWorkoutView.m */ = {isa = PBXFileReference; fileEncoding = 4; lastKnownFileType = sourcecode.c.objc; path = GenerateWorkoutView.m; sourceTree = "<group>"; };
		ABC0B6861CF11FEF00938033 /* GenerateWorkoutExcercise.xib */ = {isa = PBXFileReference; fileEncoding = 4; lastKnownFileType = file.xib; path = GenerateWorkoutExcercise.xib; sourceTree = "<group>"; };
		ABC0B6881CF124E100938033 /* GenerateWorkoutExcerciseView.h */ = {isa = PBXFileReference; fileEncoding = 4; lastKnownFileType = sourcecode.c.h; path = GenerateWorkoutExcerciseView.h; sourceTree = "<group>"; };
		ABC0B6891CF124E100938033 /* GenerateWorkoutExcerciseView.m */ = {isa = PBXFileReference; fileEncoding = 4; lastKnownFileType = sourcecode.c.objc; path = GenerateWorkoutExcerciseView.m; sourceTree = "<group>"; };
		ABC0B68B1CF3AD1200938033 /* RestView2.xib */ = {isa = PBXFileReference; fileEncoding = 4; lastKnownFileType = file.xib; path = RestView2.xib; sourceTree = "<group>"; };
		ABC0B68D1CF3B68400938033 /* ExcerciseRestView.xib */ = {isa = PBXFileReference; fileEncoding = 4; lastKnownFileType = file.xib; path = ExcerciseRestView.xib; sourceTree = "<group>"; };
		ABC0B68F1CF3B77200938033 /* ExcerciseRestView.h */ = {isa = PBXFileReference; fileEncoding = 4; lastKnownFileType = sourcecode.c.h; path = ExcerciseRestView.h; sourceTree = "<group>"; };
		ABC0B6901CF3B77200938033 /* ExcerciseRestView.m */ = {isa = PBXFileReference; fileEncoding = 4; lastKnownFileType = sourcecode.c.objc; path = ExcerciseRestView.m; sourceTree = "<group>"; };
		ABC0B6921CF3B8E100938033 /* RestView2.h */ = {isa = PBXFileReference; fileEncoding = 4; lastKnownFileType = sourcecode.c.h; path = RestView2.h; sourceTree = "<group>"; };
		ABC0B6931CF3B8E100938033 /* RestView2.m */ = {isa = PBXFileReference; fileEncoding = 4; lastKnownFileType = sourcecode.c.objc; path = RestView2.m; sourceTree = "<group>"; };
		ABC0B6BD1CF5F63C00938033 /* WorkoutTotalsTopCell.xib */ = {isa = PBXFileReference; fileEncoding = 4; lastKnownFileType = file.xib; path = WorkoutTotalsTopCell.xib; sourceTree = "<group>"; };
		ABC0B6BF1CF5F76C00938033 /* WorkoutTotalsTopCellView.h */ = {isa = PBXFileReference; fileEncoding = 4; lastKnownFileType = sourcecode.c.h; path = WorkoutTotalsTopCellView.h; sourceTree = "<group>"; };
		ABC0B6C01CF5F76C00938033 /* WorkoutTotalsTopCellView.m */ = {isa = PBXFileReference; fileEncoding = 4; lastKnownFileType = sourcecode.c.objc; path = WorkoutTotalsTopCellView.m; sourceTree = "<group>"; };
		ABC0B6C21CF5F82400938033 /* WorkoutTotalsTopCellTableViewCell.h */ = {isa = PBXFileReference; fileEncoding = 4; lastKnownFileType = sourcecode.c.h; path = WorkoutTotalsTopCellTableViewCell.h; sourceTree = "<group>"; };
		ABC0B6C31CF5F82400938033 /* WorkoutTotalsTopCellTableViewCell.m */ = {isa = PBXFileReference; fileEncoding = 4; lastKnownFileType = sourcecode.c.objc; path = WorkoutTotalsTopCellTableViewCell.m; sourceTree = "<group>"; };
		ABCE7FF81CF672B300E93339 /* WorkoutDetail.xib */ = {isa = PBXFileReference; fileEncoding = 4; lastKnownFileType = file.xib; path = WorkoutDetail.xib; sourceTree = "<group>"; };
		ABCE7FFA1CF73FBF00E93339 /* WorkoutDetailView.h */ = {isa = PBXFileReference; fileEncoding = 4; lastKnownFileType = sourcecode.c.h; path = WorkoutDetailView.h; sourceTree = "<group>"; };
		ABCE7FFB1CF73FBF00E93339 /* WorkoutDetailView.m */ = {isa = PBXFileReference; fileEncoding = 4; lastKnownFileType = sourcecode.c.objc; path = WorkoutDetailView.m; sourceTree = "<group>"; };
		ABCE7FFD1D05D80900E93339 /* ExerciseDescription.xib */ = {isa = PBXFileReference; fileEncoding = 4; lastKnownFileType = file.xib; path = ExerciseDescription.xib; sourceTree = "<group>"; };
		ABCE7FFF1D05DAF000E93339 /* ExerciseDescriptionView.h */ = {isa = PBXFileReference; fileEncoding = 4; lastKnownFileType = sourcecode.c.h; path = ExerciseDescriptionView.h; sourceTree = "<group>"; };
		ABCE80001D05DAF000E93339 /* ExerciseDescriptionView.m */ = {isa = PBXFileReference; fileEncoding = 4; lastKnownFileType = sourcecode.c.objc; path = ExerciseDescriptionView.m; sourceTree = "<group>"; };
		ABCE80021D060AA600E93339 /* WorkoutTotalIndividual.xib */ = {isa = PBXFileReference; fileEncoding = 4; lastKnownFileType = file.xib; path = WorkoutTotalIndividual.xib; sourceTree = "<group>"; };
		ABCE80041D060E6E00E93339 /* WorkoutTotalIndividualView.h */ = {isa = PBXFileReference; fileEncoding = 4; lastKnownFileType = sourcecode.c.h; path = WorkoutTotalIndividualView.h; sourceTree = "<group>"; };
		ABCE80051D060E6E00E93339 /* WorkoutTotalIndividualView.m */ = {isa = PBXFileReference; fileEncoding = 4; lastKnownFileType = sourcecode.c.objc; path = WorkoutTotalIndividualView.m; sourceTree = "<group>"; };
		ABDFCF3B1D1F18AC00FF3007 /* NSString+BDC_Utility.h */ = {isa = PBXFileReference; fileEncoding = 4; lastKnownFileType = sourcecode.c.h; path = "NSString+BDC_Utility.h"; sourceTree = "<group>"; };
		ABDFCF3C1D1F18AC00FF3007 /* NSString+BDC_Utility.m */ = {isa = PBXFileReference; fileEncoding = 4; lastKnownFileType = sourcecode.c.objc; path = "NSString+BDC_Utility.m"; sourceTree = "<group>"; };
		ABDFCF3E1D2085F100FF3007 /* WorkoutTotalsDetail.xib */ = {isa = PBXFileReference; fileEncoding = 4; lastKnownFileType = file.xib; path = WorkoutTotalsDetail.xib; sourceTree = "<group>"; };
		ABDFCF401D208C9000FF3007 /* WorkoutTotalsDetailView.h */ = {isa = PBXFileReference; fileEncoding = 4; lastKnownFileType = sourcecode.c.h; path = WorkoutTotalsDetailView.h; sourceTree = "<group>"; };
		ABDFCF411D208C9000FF3007 /* WorkoutTotalsDetailView.m */ = {isa = PBXFileReference; fileEncoding = 4; lastKnownFileType = sourcecode.c.objc; path = WorkoutTotalsDetailView.m; sourceTree = "<group>"; };
		ABDFCF431D20DDD000FF3007 /* LastTwelveMonthsWorkoutTotals.xib */ = {isa = PBXFileReference; fileEncoding = 4; lastKnownFileType = file.xib; path = LastTwelveMonthsWorkoutTotals.xib; sourceTree = "<group>"; };
		ABDFCF451D20E4CB00FF3007 /* WeeklyWorkoutTotalsView.h */ = {isa = PBXFileReference; fileEncoding = 4; lastKnownFileType = sourcecode.c.h; path = WeeklyWorkoutTotalsView.h; sourceTree = "<group>"; };
		ABDFCF461D20E4CB00FF3007 /* WeeklyWorkoutTotalsView.m */ = {isa = PBXFileReference; fileEncoding = 4; lastKnownFileType = sourcecode.c.objc; path = WeeklyWorkoutTotalsView.m; sourceTree = "<group>"; };
		ABDFCF491D29535E00FF3007 /* CalendarDay.xib */ = {isa = PBXFileReference; fileEncoding = 4; lastKnownFileType = file.xib; path = CalendarDay.xib; sourceTree = "<group>"; };
		ABDFCF4B1D29541E00FF3007 /* CalendarDay.h */ = {isa = PBXFileReference; fileEncoding = 4; lastKnownFileType = sourcecode.c.h; path = CalendarDay.h; sourceTree = "<group>"; };
		ABDFCF4C1D29541E00FF3007 /* CalendarDay.m */ = {isa = PBXFileReference; fileEncoding = 4; lastKnownFileType = sourcecode.c.objc; path = CalendarDay.m; sourceTree = "<group>"; };
		ABDFCF4E1D29553C00FF3007 /* CalendarMonth.xib */ = {isa = PBXFileReference; fileEncoding = 4; lastKnownFileType = file.xib; path = CalendarMonth.xib; sourceTree = "<group>"; };
		ABDFCF501D2958EA00FF3007 /* CalendarMonth.h */ = {isa = PBXFileReference; fileEncoding = 4; lastKnownFileType = sourcecode.c.h; path = CalendarMonth.h; sourceTree = "<group>"; };
		ABDFCF511D2958EA00FF3007 /* CalendarMonth.m */ = {isa = PBXFileReference; fileEncoding = 4; lastKnownFileType = sourcecode.c.objc; path = CalendarMonth.m; sourceTree = "<group>"; };
		ABDFCF531D29D7C500FF3007 /* MonthlyWorkoutCalendar.xib */ = {isa = PBXFileReference; fileEncoding = 4; lastKnownFileType = file.xib; path = MonthlyWorkoutCalendar.xib; sourceTree = "<group>"; };
		ABDFCF551D29DA3100FF3007 /* MonthlyWorkoutCalendarTopCellView.h */ = {isa = PBXFileReference; fileEncoding = 4; lastKnownFileType = sourcecode.c.h; path = MonthlyWorkoutCalendarTopCellView.h; sourceTree = "<group>"; };
		ABDFCF561D29DA3100FF3007 /* MonthlyWorkoutCalendarTopCellView.m */ = {isa = PBXFileReference; fileEncoding = 4; lastKnownFileType = sourcecode.c.objc; path = MonthlyWorkoutCalendarTopCellView.m; sourceTree = "<group>"; };
/* End PBXFileReference section */

/* Begin PBXFrameworksBuildPhase section */
		AB41F2C31C90FC25009D7E63 /* Frameworks */ = {
			isa = PBXFrameworksBuildPhase;
			buildActionMask = 2147483647;
			files = (
				60455D2B2D3CC971690A19C9 /* libPods-RealDudesWorkout.a in Frameworks */,
			);
			runOnlyForDeploymentPostprocessing = 0;
		};
/* End PBXFrameworksBuildPhase section */

/* Begin PBXGroup section */
		AB1220B61CA2ED060067467C /* View for xibs */ = {
			isa = PBXGroup;
			children = (
				ABCE80041D060E6E00E93339 /* WorkoutTotalIndividualView.h */,
				ABCE80051D060E6E00E93339 /* WorkoutTotalIndividualView.m */,
				ABDFCF451D20E4CB00FF3007 /* WeeklyWorkoutTotalsView.h */,
				ABDFCF461D20E4CB00FF3007 /* WeeklyWorkoutTotalsView.m */,
				ABDFCF401D208C9000FF3007 /* WorkoutTotalsDetailView.h */,
				ABDFCF411D208C9000FF3007 /* WorkoutTotalsDetailView.m */,
				ABCE7FFF1D05DAF000E93339 /* ExerciseDescriptionView.h */,
				ABCE80001D05DAF000E93339 /* ExerciseDescriptionView.m */,
				ABC0B6831CF113DC00938033 /* GenerateWorkoutView.h */,
				ABC0B6841CF113DC00938033 /* GenerateWorkoutView.m */,
				ABC0B6881CF124E100938033 /* GenerateWorkoutExcerciseView.h */,
				ABC0B6891CF124E100938033 /* GenerateWorkoutExcerciseView.m */,
				AB2A39071CE3FFB5005DD03A /* NumberOfWorkoutsView.h */,
				AB2A39081CE3FFB5005DD03A /* NumberOfWorkoutsView.m */,
				ABC0B67E1CF0C48000938033 /* AccessoryOnBoardView.h */,
				ABC0B67F1CF0C48000938033 /* AccessoryOnBoardView.m */,
				ABCE7FFA1CF73FBF00E93339 /* WorkoutDetailView.h */,
				ABCE7FFB1CF73FBF00E93339 /* WorkoutDetailView.m */,
				ABC0B6BF1CF5F76C00938033 /* WorkoutTotalsTopCellView.h */,
				ABC0B6C01CF5F76C00938033 /* WorkoutTotalsTopCellView.m */,
				ABC0B6921CF3B8E100938033 /* RestView2.h */,
				ABC0B6931CF3B8E100938033 /* RestView2.m */,
				ABC0B68F1CF3B77200938033 /* ExcerciseRestView.h */,
				ABC0B6901CF3B77200938033 /* ExcerciseRestView.m */,
				AB2A39131CEA315F005DD03A /* ExcerciseTotalView.h */,
				AB2A39141CEA315F005DD03A /* ExcerciseTotalView.m */,
				ABC0B6791CEFBE3700938033 /* WorkoutOnBoardView.h */,
				ABC0B67A1CEFBE3700938033 /* WorkoutOnBoardView.m */,
				AB2A39191CEA3371005DD03A /* WorkoutScrollSummaryCellView.h */,
				AB2A391A1CEA3371005DD03A /* WorkoutScrollSummaryCellView.m */,
				ABC0B6511CECD29A00938033 /* StartWorkoutButtonView.h */,
				ABC0B6521CECD29A00938033 /* StartWorkoutButtonView.m */,
				AB92E7CE1CB2A98700199034 /* TotalsFrontPageCellView.h */,
				AB92E7CF1CB2A98700199034 /* TotalsFrontPageCellView.m */,
				ABA977BF1C9F602E00D04639 /* RestView.h */,
				ABA977C01C9F602E00D04639 /* RestView.m */,
				ABA977C21C9F984A00D04639 /* ExcerciseView.h */,
				ABA977C31C9F984A00D04639 /* ExcerciseView.m */,
			);
			name = "View for xibs";
			sourceTree = "<group>";
		};
		AB1220B71CA2ED390067467C /* Table View Cells */ = {
			isa = PBXGroup;
			children = (
				AB2A391F1CEA35CE005DD03A /* WorkoutSummaryScrollTableViewCell.h */,
				AB2A39201CEA35CE005DD03A /* WorkoutSummaryScrollTableViewCell.m */,
				ABC0B6C21CF5F82400938033 /* WorkoutTotalsTopCellTableViewCell.h */,
				ABC0B6C31CF5F82400938033 /* WorkoutTotalsTopCellTableViewCell.m */,
				ABDFCF481D29520800FF3007 /* Calendar */,
			);
			name = "Table View Cells";
			sourceTree = "<group>";
		};
		AB1220DC1CA47F830067467C /* Xibs */ = {
			isa = PBXGroup;
			children = (
				ABA977C51C9F9FD000D04639 /* RestView.xib */,
				AB2A39051CE3FDF1005DD03A /* NumberOfWorkouts.xib */,
				ABC0B64F1CECD12B00938033 /* StartWorkoutButton.xib */,
				ABC0B6811CF112CA00938033 /* GenerateWorkout.xib */,
				ABC0B68B1CF3AD1200938033 /* RestView2.xib */,
				ABDFCF431D20DDD000FF3007 /* LastTwelveMonthsWorkoutTotals.xib */,
				ABC0B6BD1CF5F63C00938033 /* WorkoutTotalsTopCell.xib */,
				ABCE80021D060AA600E93339 /* WorkoutTotalIndividual.xib */,
				AB2A390F1CEA2BD9005DD03A /* WorkoutScrollSummaryCell.xib */,
				ABCE7FFD1D05D80900E93339 /* ExerciseDescription.xib */,
				AB2A39111CEA2EE7005DD03A /* ExcerciseTotal.xib */,
				ABC0B6771CEE5D8F00938033 /* WorkoutOnBoard.xib */,
				ABC0B67C1CF0C13300938033 /* AccessoryOnBoard.xib */,
				ABCE7FF81CF672B300E93339 /* WorkoutDetail.xib */,
				ABDFCF3E1D2085F100FF3007 /* WorkoutTotalsDetail.xib */,
				ABC0B68D1CF3B68400938033 /* ExcerciseRestView.xib */,
				ABC0B6861CF11FEF00938033 /* GenerateWorkoutExcercise.xib */,
				ABA977BD1C9F5E2F00D04639 /* ExcerciseView.xib */,
				AB92E7CC1CB2A14900199034 /* TotalsFrontPageCell.xib */,
			);
			name = Xibs;
			sourceTree = "<group>";
		};
		AB1D4D0D1C960BC400E71342 /* View Controllers */ = {
			isa = PBXGroup;
			children = (
				AB2A390A1CE404CC005DD03A /* HomeViewController.h */,
				AB2A390B1CE404CC005DD03A /* HomeViewController.m */,
				AB345D8C1C9260F800604D55 /* ActiveWorkoutViewController.h */,
				AB345D8D1C9260F800604D55 /* ActiveWorkoutViewController.m */,
				AB19B3C01D349F8D009D54D0 /* IntroView.h */,
				AB19B3C11D349F8D009D54D0 /* IntroView.m */,
				AB19B3BE1D349B49009D54D0 /* IntroView.xib */,
			);
			name = "View Controllers";
			sourceTree = "<group>";
		};
		AB41F2BD1C90FC25009D7E63 = {
			isa = PBXGroup;
			children = (
				AB41F2C81C90FC25009D7E63 /* RealDudesWorkout */,
				AB41F2C71C90FC25009D7E63 /* Products */,
				C918D193EE97D04C10F86654 /* Pods */,
				BF5953C663E9C4E4B04E5544 /* Frameworks */,
			);
			sourceTree = "<group>";
		};
		AB41F2C71C90FC25009D7E63 /* Products */ = {
			isa = PBXGroup;
			children = (
				AB41F2C61C90FC25009D7E63 /* RealDudesWorkout.app */,
			);
			name = Products;
			sourceTree = "<group>";
		};
		AB41F2C81C90FC25009D7E63 /* RealDudesWorkout */ = {
			isa = PBXGroup;
			children = (
				AB41F2CC1C90FC25009D7E63 /* AppDelegate.h */,
				AB41F2CD1C90FC25009D7E63 /* AppDelegate.m */,
				ABDFCF3B1D1F18AC00FF3007 /* NSString+BDC_Utility.h */,
				ABDFCF3C1D1F18AC00FF3007 /* NSString+BDC_Utility.m */,
				ABA9776F1C99D41A00D04639 /* Main.storyboard */,
				AB1D4D0D1C960BC400E71342 /* View Controllers */,
				AB1220B71CA2ED390067467C /* Table View Cells */,
				AB1220DC1CA47F830067467C /* Xibs */,
				AB1220B61CA2ED060067467C /* View for xibs */,
				AB41F2F31C90FF73009D7E63 /* Singleton */,
				AB41F2EF1C90FE4C009D7E63 /* DataStore.h */,
				AB41F2F01C90FE4C009D7E63 /* DataStore.m */,
				AB41F2F21C90FE5D009D7E63 /* Core Data */,
				AB41F2D51C90FC25009D7E63 /* Assets.xcassets */,
				AB41F2F71C91255D009D7E63 /* addIcon.png */,
				AB41F2D71C90FC25009D7E63 /* LaunchScreen.storyboard */,
				AB41F2DA1C90FC25009D7E63 /* Info.plist */,
				AB41F2C91C90FC25009D7E63 /* Supporting Files */,
			);
			path = RealDudesWorkout;
			sourceTree = "<group>";
		};
		AB41F2C91C90FC25009D7E63 /* Supporting Files */ = {
			isa = PBXGroup;
			children = (
				AB41F2CA1C90FC25009D7E63 /* main.m */,
			);
			name = "Supporting Files";
			sourceTree = "<group>";
		};
		AB41F2F21C90FE5D009D7E63 /* Core Data */ = {
			isa = PBXGroup;
			children = (
				AB41F2E01C90FC48009D7E63 /* Model.xcdatamodeld */,
				ABA977B51C9D9FD900D04639 /* User+CoreDataProperties.h */,
				ABA977B61C9D9FD900D04639 /* User+CoreDataProperties.m */,
				ABA977B71C9D9FD900D04639 /* User.h */,
				ABA977B81C9D9FD900D04639 /* User.m */,
				ABA977A91C9CA7BB00D04639 /* Circuit+CoreDataProperties.h */,
				ABA977AA1C9CA7BB00D04639 /* Circuit+CoreDataProperties.m */,
				ABA977AB1C9CA7BB00D04639 /* Circuit.h */,
				ABA977AC1C9CA7BB00D04639 /* Circuit.m */,
				ABA977AD1C9CA7BB00D04639 /* ExcerciseSet+CoreDataProperties.h */,
				ABA977AE1C9CA7BB00D04639 /* ExcerciseSet+CoreDataProperties.m */,
				ABA977AF1C9CA7BB00D04639 /* ExcerciseSet.h */,
				ABA977B01C9CA7BB00D04639 /* ExcerciseSet.m */,
				AB1D4D0E1C9628FD00E71342 /* Accessory+CoreDataProperties.h */,
				AB1D4D0F1C9628FD00E71342 /* Accessory+CoreDataProperties.m */,
				AB1D4D101C9628FD00E71342 /* Accessory.h */,
				AB1D4D111C9628FD00E71342 /* Accessory.m */,
				AB41F2E31C90FE33009D7E63 /* Excercise+CoreDataProperties.h */,
				AB41F2E41C90FE33009D7E63 /* Excercise+CoreDataProperties.m */,
				AB41F2E51C90FE33009D7E63 /* Excercise.h */,
				AB41F2E61C90FE33009D7E63 /* Excercise.m */,
				AB41F2E71C90FE33009D7E63 /* Workout+CoreDataProperties.h */,
				AB41F2E81C90FE33009D7E63 /* Workout+CoreDataProperties.m */,
				AB41F2E91C90FE33009D7E63 /* Workout.h */,
				AB41F2EA1C90FE33009D7E63 /* Workout.m */,
			);
			name = "Core Data";
			sourceTree = "<group>";
		};
		AB41F2F31C90FF73009D7E63 /* Singleton */ = {
			isa = PBXGroup;
			children = (
			);
			name = Singleton;
			sourceTree = "<group>";
		};
		ABDFCF481D29520800FF3007 /* Calendar */ = {
			isa = PBXGroup;
			children = (
				ABDFCF491D29535E00FF3007 /* CalendarDay.xib */,
				ABDFCF4B1D29541E00FF3007 /* CalendarDay.h */,
				ABDFCF4C1D29541E00FF3007 /* CalendarDay.m */,
				ABDFCF4E1D29553C00FF3007 /* CalendarMonth.xib */,
				ABDFCF501D2958EA00FF3007 /* CalendarMonth.h */,
				ABDFCF511D2958EA00FF3007 /* CalendarMonth.m */,
				ABDFCF551D29DA3100FF3007 /* MonthlyWorkoutCalendarTopCellView.h */,
				ABDFCF561D29DA3100FF3007 /* MonthlyWorkoutCalendarTopCellView.m */,
				ABDFCF531D29D7C500FF3007 /* MonthlyWorkoutCalendar.xib */,
			);
			name = Calendar;
			sourceTree = "<group>";
		};
		BF5953C663E9C4E4B04E5544 /* Frameworks */ = {
			isa = PBXGroup;
			children = (
				7D8FA97201C279063F456360 /* libPods-RealDudesWorkout.a */,
			);
			name = Frameworks;
			sourceTree = "<group>";
		};
		C918D193EE97D04C10F86654 /* Pods */ = {
			isa = PBXGroup;
			children = (
				6AC68073E94711102B10B694 /* Pods-RealDudesWorkout.debug.xcconfig */,
				43C50A71DB08BD7B22B20E3C /* Pods-RealDudesWorkout.release.xcconfig */,
			);
			name = Pods;
			sourceTree = "<group>";
		};
/* End PBXGroup section */

/* Begin PBXNativeTarget section */
		AB41F2C51C90FC25009D7E63 /* RealDudesWorkout */ = {
			isa = PBXNativeTarget;
			buildConfigurationList = AB41F2DD1C90FC25009D7E63 /* Build configuration list for PBXNativeTarget "RealDudesWorkout" */;
			buildPhases = (
				CA0432A1312A6AAA7CB85DA6 /* Check Pods Manifest.lock */,
				AB41F2C21C90FC25009D7E63 /* Sources */,
				AB41F2C31C90FC25009D7E63 /* Frameworks */,
				AB41F2C41C90FC25009D7E63 /* Resources */,
				BB2609E51DCFA859C1B425F1 /* Embed Pods Frameworks */,
				E4C9727CC9732480AC8FE88B /* Copy Pods Resources */,
			);
			buildRules = (
			);
			dependencies = (
			);
			name = RealDudesWorkout;
			productName = RealDudesWorkout;
			productReference = AB41F2C61C90FC25009D7E63 /* RealDudesWorkout.app */;
			productType = "com.apple.product-type.application";
		};
/* End PBXNativeTarget section */

/* Begin PBXProject section */
		AB41F2BE1C90FC25009D7E63 /* Project object */ = {
			isa = PBXProject;
			attributes = {
				LastUpgradeCheck = 0720;
				ORGANIZATIONNAME = "The Qwiz LLC";
				TargetAttributes = {
					AB41F2C51C90FC25009D7E63 = {
						CreatedOnToolsVersion = 7.2.1;
						DevelopmentTeam = 8NU54DBLJL;
					};
				};
			};
			buildConfigurationList = AB41F2C11C90FC25009D7E63 /* Build configuration list for PBXProject "RealDudesWorkout" */;
			compatibilityVersion = "Xcode 3.2";
			developmentRegion = English;
			hasScannedForEncodings = 0;
			knownRegions = (
				en,
				Base,
			);
			mainGroup = AB41F2BD1C90FC25009D7E63;
			productRefGroup = AB41F2C71C90FC25009D7E63 /* Products */;
			projectDirPath = "";
			projectRoot = "";
			targets = (
				AB41F2C51C90FC25009D7E63 /* RealDudesWorkout */,
			);
		};
/* End PBXProject section */

/* Begin PBXResourcesBuildPhase section */
		AB41F2C41C90FC25009D7E63 /* Resources */ = {
			isa = PBXResourcesBuildPhase;
			buildActionMask = 2147483647;
			files = (
				AB2A39121CEA2EE7005DD03A /* ExcerciseTotal.xib in Resources */,
				ABCE80031D060AA600E93339 /* WorkoutTotalIndividual.xib in Resources */,
				ABCE7FF91CF672B400E93339 /* WorkoutDetail.xib in Resources */,
				ABC0B6871CF11FEF00938033 /* GenerateWorkoutExcercise.xib in Resources */,
				ABA977C61C9F9FD000D04639 /* RestView.xib in Resources */,
				ABDFCF541D29D7C500FF3007 /* MonthlyWorkoutCalendar.xib in Resources */,
				ABA977BE1C9F5E2F00D04639 /* ExcerciseView.xib in Resources */,
				ABC0B67D1CF0C13300938033 /* AccessoryOnBoard.xib in Resources */,
				ABC0B6501CECD12B00938033 /* StartWorkoutButton.xib in Resources */,
				ABDFCF441D20DDD000FF3007 /* LastTwelveMonthsWorkoutTotals.xib in Resources */,
				AB2A39061CE3FDF1005DD03A /* NumberOfWorkouts.xib in Resources */,
				ABCE7FFE1D05D80A00E93339 /* ExerciseDescription.xib in Resources */,
				ABC0B6821CF112CA00938033 /* GenerateWorkout.xib in Resources */,
				AB41F2F81C91255D009D7E63 /* addIcon.png in Resources */,
				ABC0B68C1CF3AD1300938033 /* RestView2.xib in Resources */,
				AB41F2D91C90FC25009D7E63 /* LaunchScreen.storyboard in Resources */,
				AB41F2D61C90FC25009D7E63 /* Assets.xcassets in Resources */,
				ABDFCF4A1D29535E00FF3007 /* CalendarDay.xib in Resources */,
				ABC0B6BE1CF5F63D00938033 /* WorkoutTotalsTopCell.xib in Resources */,
				ABA977701C99D41A00D04639 /* Main.storyboard in Resources */,
				AB92E7CD1CB2A14900199034 /* TotalsFrontPageCell.xib in Resources */,
				AB2A39101CEA2BDA005DD03A /* WorkoutScrollSummaryCell.xib in Resources */,
				ABC0B68E1CF3B68400938033 /* ExcerciseRestView.xib in Resources */,
				AB19B3BF1D349B4A009D54D0 /* IntroView.xib in Resources */,
				ABDFCF4F1D29553C00FF3007 /* CalendarMonth.xib in Resources */,
				ABC0B6781CEE5D8F00938033 /* WorkoutOnBoard.xib in Resources */,
				ABDFCF3F1D2085F100FF3007 /* WorkoutTotalsDetail.xib in Resources */,
			);
			runOnlyForDeploymentPostprocessing = 0;
		};
/* End PBXResourcesBuildPhase section */

/* Begin PBXShellScriptBuildPhase section */
		BB2609E51DCFA859C1B425F1 /* Embed Pods Frameworks */ = {
			isa = PBXShellScriptBuildPhase;
			buildActionMask = 2147483647;
			files = (
			);
			inputPaths = (
			);
			name = "Embed Pods Frameworks";
			outputPaths = (
			);
			runOnlyForDeploymentPostprocessing = 0;
			shellPath = /bin/sh;
			shellScript = "\"${SRCROOT}/Pods/Target Support Files/Pods-RealDudesWorkout/Pods-RealDudesWorkout-frameworks.sh\"\n";
			showEnvVarsInLog = 0;
		};
		CA0432A1312A6AAA7CB85DA6 /* Check Pods Manifest.lock */ = {
			isa = PBXShellScriptBuildPhase;
			buildActionMask = 2147483647;
			files = (
			);
			inputPaths = (
			);
			name = "Check Pods Manifest.lock";
			outputPaths = (
			);
			runOnlyForDeploymentPostprocessing = 0;
			shellPath = /bin/sh;
			shellScript = "diff \"${PODS_ROOT}/../Podfile.lock\" \"${PODS_ROOT}/Manifest.lock\" > /dev/null\nif [[ $? != 0 ]] ; then\n    cat << EOM\nerror: The sandbox is not in sync with the Podfile.lock. Run 'pod install' or update your CocoaPods installation.\nEOM\n    exit 1\nfi\n";
			showEnvVarsInLog = 0;
		};
		E4C9727CC9732480AC8FE88B /* Copy Pods Resources */ = {
			isa = PBXShellScriptBuildPhase;
			buildActionMask = 2147483647;
			files = (
			);
			inputPaths = (
			);
			name = "Copy Pods Resources";
			outputPaths = (
			);
			runOnlyForDeploymentPostprocessing = 0;
			shellPath = /bin/sh;
			shellScript = "\"${SRCROOT}/Pods/Target Support Files/Pods-RealDudesWorkout/Pods-RealDudesWorkout-resources.sh\"\n";
			showEnvVarsInLog = 0;
		};
/* End PBXShellScriptBuildPhase section */

/* Begin PBXSourcesBuildPhase section */
		AB41F2C21C90FC25009D7E63 /* Sources */ = {
			isa = PBXSourcesBuildPhase;
			buildActionMask = 2147483647;
			files = (
				ABDFCF521D2958EA00FF3007 /* CalendarMonth.m in Sources */,
				ABC0B68A1CF124E100938033 /* GenerateWorkoutExcerciseView.m in Sources */,
				AB41F2ED1C90FE33009D7E63 /* Workout+CoreDataProperties.m in Sources */,
				ABA977B31C9CA7BB00D04639 /* ExcerciseSet+CoreDataProperties.m in Sources */,
				AB92E7D01CB2A98700199034 /* TotalsFrontPageCellView.m in Sources */,
				AB19B3C21D349F8D009D54D0 /* IntroView.m in Sources */,
				AB1D4D131C9628FD00E71342 /* Accessory.m in Sources */,
				AB1D4D121C9628FD00E71342 /* Accessory+CoreDataProperties.m in Sources */,
				ABA977B41C9CA7BB00D04639 /* ExcerciseSet.m in Sources */,
				AB41F2EC1C90FE33009D7E63 /* Excercise.m in Sources */,
				AB2A39151CEA315F005DD03A /* ExcerciseTotalView.m in Sources */,
				ABCE80061D060E6E00E93339 /* WorkoutTotalIndividualView.m in Sources */,
				ABDFCF471D20E4CB00FF3007 /* WeeklyWorkoutTotalsView.m in Sources */,
				ABCE7FFC1CF73FBF00E93339 /* WorkoutDetailView.m in Sources */,
				AB41F2CE1C90FC25009D7E63 /* AppDelegate.m in Sources */,
				ABA977B91C9D9FD900D04639 /* User+CoreDataProperties.m in Sources */,
				ABDFCF571D29DA3100FF3007 /* MonthlyWorkoutCalendarTopCellView.m in Sources */,
				ABC0B6C11CF5F76C00938033 /* WorkoutTotalsTopCellView.m in Sources */,
				AB2A39091CE3FFB5005DD03A /* NumberOfWorkoutsView.m in Sources */,
				ABC0B6911CF3B77200938033 /* ExcerciseRestView.m in Sources */,
				ABC0B6531CECD29A00938033 /* StartWorkoutButtonView.m in Sources */,
				ABA977BA1C9D9FD900D04639 /* User.m in Sources */,
				ABDFCF3D1D1F18AC00FF3007 /* NSString+BDC_Utility.m in Sources */,
				AB2A390C1CE404CC005DD03A /* HomeViewController.m in Sources */,
				AB41F2CB1C90FC25009D7E63 /* main.m in Sources */,
				ABDFCF421D208C9000FF3007 /* WorkoutTotalsDetailView.m in Sources */,
				ABCE80011D05DAF000E93339 /* ExerciseDescriptionView.m in Sources */,
				ABC0B6941CF3B8E100938033 /* RestView2.m in Sources */,
				AB41F2EB1C90FE33009D7E63 /* Excercise+CoreDataProperties.m in Sources */,
				AB41F2E21C90FC48009D7E63 /* Model.xcdatamodeld in Sources */,
				ABA977C41C9F984A00D04639 /* ExcerciseView.m in Sources */,
				ABC0B6C41CF5F82400938033 /* WorkoutTotalsTopCellTableViewCell.m in Sources */,
				AB2A39211CEA35CE005DD03A /* WorkoutSummaryScrollTableViewCell.m in Sources */,
				ABC0B6801CF0C48000938033 /* AccessoryOnBoardView.m in Sources */,
				AB41F2EE1C90FE33009D7E63 /* Workout.m in Sources */,
				ABA977B11C9CA7BB00D04639 /* Circuit+CoreDataProperties.m in Sources */,
				ABC0B6851CF113DC00938033 /* GenerateWorkoutView.m in Sources */,
				AB2A391B1CEA3371005DD03A /* WorkoutScrollSummaryCellView.m in Sources */,
				AB345D8E1C9260F800604D55 /* ActiveWorkoutViewController.m in Sources */,
				ABDFCF4D1D29541E00FF3007 /* CalendarDay.m in Sources */,
				AB41F2F11C90FE4C009D7E63 /* DataStore.m in Sources */,
				ABA977C11C9F602E00D04639 /* RestView.m in Sources */,
				ABA977B21C9CA7BB00D04639 /* Circuit.m in Sources */,
				ABC0B67B1CEFBE3700938033 /* WorkoutOnBoardView.m in Sources */,
			);
			runOnlyForDeploymentPostprocessing = 0;
		};
/* End PBXSourcesBuildPhase section */

/* Begin PBXVariantGroup section */
		AB41F2D71C90FC25009D7E63 /* LaunchScreen.storyboard */ = {
			isa = PBXVariantGroup;
			children = (
				AB41F2D81C90FC25009D7E63 /* Base */,
			);
			name = LaunchScreen.storyboard;
			sourceTree = "<group>";
		};
/* End PBXVariantGroup section */

/* Begin XCBuildConfiguration section */
		AB41F2DB1C90FC25009D7E63 /* Debug */ = {
			isa = XCBuildConfiguration;
			buildSettings = {
				ALWAYS_SEARCH_USER_PATHS = NO;
				CLANG_CXX_LANGUAGE_STANDARD = "gnu++0x";
				CLANG_CXX_LIBRARY = "libc++";
				CLANG_ENABLE_MODULES = YES;
				CLANG_ENABLE_OBJC_ARC = YES;
				CLANG_WARN_BOOL_CONVERSION = YES;
				CLANG_WARN_CONSTANT_CONVERSION = YES;
				CLANG_WARN_DIRECT_OBJC_ISA_USAGE = YES_ERROR;
				CLANG_WARN_EMPTY_BODY = YES;
				CLANG_WARN_ENUM_CONVERSION = YES;
				CLANG_WARN_INT_CONVERSION = YES;
				CLANG_WARN_OBJC_ROOT_CLASS = YES_ERROR;
				CLANG_WARN_UNREACHABLE_CODE = YES;
				CLANG_WARN__DUPLICATE_METHOD_MATCH = YES;
				"CODE_SIGN_IDENTITY[sdk=iphoneos*]" = "iPhone Developer";
				COPY_PHASE_STRIP = NO;
				DEBUG_INFORMATION_FORMAT = dwarf;
				ENABLE_STRICT_OBJC_MSGSEND = YES;
				ENABLE_TESTABILITY = YES;
				GCC_C_LANGUAGE_STANDARD = gnu99;
				GCC_DYNAMIC_NO_PIC = NO;
				GCC_NO_COMMON_BLOCKS = YES;
				GCC_OPTIMIZATION_LEVEL = 0;
				GCC_PREPROCESSOR_DEFINITIONS = (
					"DEBUG=1",
					"$(inherited)",
				);
				GCC_WARN_64_TO_32_BIT_CONVERSION = YES;
				GCC_WARN_ABOUT_RETURN_TYPE = YES_ERROR;
				GCC_WARN_UNDECLARED_SELECTOR = YES;
				GCC_WARN_UNINITIALIZED_AUTOS = YES_AGGRESSIVE;
				GCC_WARN_UNUSED_FUNCTION = YES;
				GCC_WARN_UNUSED_VARIABLE = YES;
				IPHONEOS_DEPLOYMENT_TARGET = 9.2;
				MTL_ENABLE_DEBUG_INFO = YES;
				ONLY_ACTIVE_ARCH = YES;
				SDKROOT = iphoneos;
			};
			name = Debug;
		};
		AB41F2DC1C90FC25009D7E63 /* Release */ = {
			isa = XCBuildConfiguration;
			buildSettings = {
				ALWAYS_SEARCH_USER_PATHS = NO;
				CLANG_CXX_LANGUAGE_STANDARD = "gnu++0x";
				CLANG_CXX_LIBRARY = "libc++";
				CLANG_ENABLE_MODULES = YES;
				CLANG_ENABLE_OBJC_ARC = YES;
				CLANG_WARN_BOOL_CONVERSION = YES;
				CLANG_WARN_CONSTANT_CONVERSION = YES;
				CLANG_WARN_DIRECT_OBJC_ISA_USAGE = YES_ERROR;
				CLANG_WARN_EMPTY_BODY = YES;
				CLANG_WARN_ENUM_CONVERSION = YES;
				CLANG_WARN_INT_CONVERSION = YES;
				CLANG_WARN_OBJC_ROOT_CLASS = YES_ERROR;
				CLANG_WARN_UNREACHABLE_CODE = YES;
				CLANG_WARN__DUPLICATE_METHOD_MATCH = YES;
				"CODE_SIGN_IDENTITY[sdk=iphoneos*]" = "iPhone Developer";
				COPY_PHASE_STRIP = NO;
				DEBUG_INFORMATION_FORMAT = "dwarf-with-dsym";
				ENABLE_NS_ASSERTIONS = NO;
				ENABLE_STRICT_OBJC_MSGSEND = YES;
				GCC_C_LANGUAGE_STANDARD = gnu99;
				GCC_NO_COMMON_BLOCKS = YES;
				GCC_WARN_64_TO_32_BIT_CONVERSION = YES;
				GCC_WARN_ABOUT_RETURN_TYPE = YES_ERROR;
				GCC_WARN_UNDECLARED_SELECTOR = YES;
				GCC_WARN_UNINITIALIZED_AUTOS = YES_AGGRESSIVE;
				GCC_WARN_UNUSED_FUNCTION = YES;
				GCC_WARN_UNUSED_VARIABLE = YES;
				IPHONEOS_DEPLOYMENT_TARGET = 9.2;
				MTL_ENABLE_DEBUG_INFO = NO;
				SDKROOT = iphoneos;
				VALIDATE_PRODUCT = YES;
			};
			name = Release;
		};
		AB41F2DE1C90FC25009D7E63 /* Debug */ = {
			isa = XCBuildConfiguration;
			baseConfigurationReference = 6AC68073E94711102B10B694 /* Pods-RealDudesWorkout.debug.xcconfig */;
			buildSettings = {
				ASSETCATALOG_COMPILER_APPICON_NAME = AppIcon;
				CODE_SIGN_IDENTITY = "iPhone Developer";
				"CODE_SIGN_IDENTITY[sdk=iphoneos*]" = "iPhone Developer";
				INFOPLIST_FILE = RealDudesWorkout/Info.plist;
				IPHONEOS_DEPLOYMENT_TARGET = 9.2;
				LD_RUNPATH_SEARCH_PATHS = "$(inherited) @executable_path/Frameworks";
				PRODUCT_BUNDLE_IDENTIFIER = Qwiz.RealDudesWorkout;
				PRODUCT_NAME = "$(TARGET_NAME)";
				PROVISIONING_PROFILE = "";
				TARGETED_DEVICE_FAMILY = 1;
			};
			name = Debug;
		};
		AB41F2DF1C90FC25009D7E63 /* Release */ = {
			isa = XCBuildConfiguration;
			baseConfigurationReference = 43C50A71DB08BD7B22B20E3C /* Pods-RealDudesWorkout.release.xcconfig */;
			buildSettings = {
				ASSETCATALOG_COMPILER_APPICON_NAME = AppIcon;
				CODE_SIGN_IDENTITY = "iPhone Developer";
				"CODE_SIGN_IDENTITY[sdk=iphoneos*]" = "iPhone Developer";
				INFOPLIST_FILE = RealDudesWorkout/Info.plist;
				IPHONEOS_DEPLOYMENT_TARGET = 9.2;
				LD_RUNPATH_SEARCH_PATHS = "$(inherited) @executable_path/Frameworks";
				PRODUCT_BUNDLE_IDENTIFIER = Qwiz.RealDudesWorkout;
				PRODUCT_NAME = "$(TARGET_NAME)";
				PROVISIONING_PROFILE = "";
				TARGETED_DEVICE_FAMILY = 1;
			};
			name = Release;
		};
/* End XCBuildConfiguration section */

/* Begin XCConfigurationList section */
		AB41F2C11C90FC25009D7E63 /* Build configuration list for PBXProject "RealDudesWorkout" */ = {
			isa = XCConfigurationList;
			buildConfigurations = (
				AB41F2DB1C90FC25009D7E63 /* Debug */,
				AB41F2DC1C90FC25009D7E63 /* Release */,
			);
			defaultConfigurationIsVisible = 0;
			defaultConfigurationName = Release;
		};
		AB41F2DD1C90FC25009D7E63 /* Build configuration list for PBXNativeTarget "RealDudesWorkout" */ = {
			isa = XCConfigurationList;
			buildConfigurations = (
				AB41F2DE1C90FC25009D7E63 /* Debug */,
				AB41F2DF1C90FC25009D7E63 /* Release */,
			);
			defaultConfigurationIsVisible = 0;
			defaultConfigurationName = Release;
		};
/* End XCConfigurationList section */

/* Begin XCVersionGroup section */
		AB41F2E01C90FC48009D7E63 /* Model.xcdatamodeld */ = {
			isa = XCVersionGroup;
			children = (
				AB41F2E11C90FC48009D7E63 /* Model.xcdatamodel */,
			);
			currentVersion = AB41F2E11C90FC48009D7E63 /* Model.xcdatamodel */;
			path = Model.xcdatamodeld;
			sourceTree = "<group>";
			versionGroupType = wrapper.xcdatamodel;
		};
/* End XCVersionGroup section */
	};
	rootObject = AB41F2BE1C90FC25009D7E63 /* Project object */;
}
