// !$*UTF8*$!
{
	archiveVersion = 1;
	classes = {
	};
	objectVersion = 46;
	objects = {

/* Begin PBXBuildFile section */
		60455D2B2D3CC971690A19C9 /* libPods-RealDudesWorkout.a in Frameworks */ = {isa = PBXBuildFile; fileRef = 7D8FA97201C279063F456360 /* libPods-RealDudesWorkout.a */; };
		AB1220BA1CA300A40067467C /* ExcerciseTableViewCell.m in Sources */ = {isa = PBXBuildFile; fileRef = AB1220B91CA300A40067467C /* ExcerciseTableViewCell.m */; };
		AB1220BD1CA300ED0067467C /* RestTableViewCell.m in Sources */ = {isa = PBXBuildFile; fileRef = AB1220BC1CA300ED0067467C /* RestTableViewCell.m */; };
		AB1220CE1CA45F660067467C /* ExcerciseCell.xib in Resources */ = {isa = PBXBuildFile; fileRef = AB1220CD1CA45F660067467C /* ExcerciseCell.xib */; };
		AB1220D01CA461D00067467C /* RestCell.xib in Resources */ = {isa = PBXBuildFile; fileRef = AB1220CF1CA461D00067467C /* RestCell.xib */; };
		AB1220D21CA463010067467C /* WorkoutSummaryCell.xib in Resources */ = {isa = PBXBuildFile; fileRef = AB1220D11CA463010067467C /* WorkoutSummaryCell.xib */; };
		AB1220D51CA4768F0067467C /* WorkoutSummaryCellView.m in Sources */ = {isa = PBXBuildFile; fileRef = AB1220D41CA4768F0067467C /* WorkoutSummaryCellView.m */; };
		AB1220DB1CA47BC00067467C /* WorkoutSummaryTableViewCell.m in Sources */ = {isa = PBXBuildFile; fileRef = AB1220DA1CA47BC00067467C /* WorkoutSummaryTableViewCell.m */; };
		AB1220DF1CA47FDB0067467C /* ExcerciseCellView.m in Sources */ = {isa = PBXBuildFile; fileRef = AB1220DE1CA47FDB0067467C /* ExcerciseCellView.m */; };
		AB1220E21CA488390067467C /* PostWorkoutSummaryViewController.m in Sources */ = {isa = PBXBuildFile; fileRef = AB1220E11CA488390067467C /* PostWorkoutSummaryViewController.m */; };
		AB1220E41CA5A6830067467C /* AccessoryWithName.xib in Resources */ = {isa = PBXBuildFile; fileRef = AB1220E31CA5A6830067467C /* AccessoryWithName.xib */; };
		AB1220E91CA5B2F00067467C /* AccessoryWithNameView.m in Sources */ = {isa = PBXBuildFile; fileRef = AB1220E81CA5B2F00067467C /* AccessoryWithNameView.m */; };
		AB1D4D121C9628FD00E71342 /* Accessory+CoreDataProperties.m in Sources */ = {isa = PBXBuildFile; fileRef = AB1D4D0F1C9628FD00E71342 /* Accessory+CoreDataProperties.m */; };
		AB1D4D131C9628FD00E71342 /* Accessory.m in Sources */ = {isa = PBXBuildFile; fileRef = AB1D4D111C9628FD00E71342 /* Accessory.m */; };
		AB345D8E1C9260F800604D55 /* ActiveWorkoutViewController.m in Sources */ = {isa = PBXBuildFile; fileRef = AB345D8D1C9260F800604D55 /* ActiveWorkoutViewController.m */; };
		AB345DA51C9498A100604D55 /* WorkoutDetailTableViewController.m in Sources */ = {isa = PBXBuildFile; fileRef = AB345DA41C9498A100604D55 /* WorkoutDetailTableViewController.m */; };
		AB41F2CB1C90FC25009D7E63 /* main.m in Sources */ = {isa = PBXBuildFile; fileRef = AB41F2CA1C90FC25009D7E63 /* main.m */; };
		AB41F2CE1C90FC25009D7E63 /* AppDelegate.m in Sources */ = {isa = PBXBuildFile; fileRef = AB41F2CD1C90FC25009D7E63 /* AppDelegate.m */; };
		AB41F2D61C90FC25009D7E63 /* Assets.xcassets in Resources */ = {isa = PBXBuildFile; fileRef = AB41F2D51C90FC25009D7E63 /* Assets.xcassets */; };
		AB41F2D91C90FC25009D7E63 /* LaunchScreen.storyboard in Resources */ = {isa = PBXBuildFile; fileRef = AB41F2D71C90FC25009D7E63 /* LaunchScreen.storyboard */; };
		AB41F2E21C90FC48009D7E63 /* Model.xcdatamodeld in Sources */ = {isa = PBXBuildFile; fileRef = AB41F2E01C90FC48009D7E63 /* Model.xcdatamodeld */; };
		AB41F2EB1C90FE33009D7E63 /* Excercise+CoreDataProperties.m in Sources */ = {isa = PBXBuildFile; fileRef = AB41F2E41C90FE33009D7E63 /* Excercise+CoreDataProperties.m */; };
		AB41F2EC1C90FE33009D7E63 /* Excercise.m in Sources */ = {isa = PBXBuildFile; fileRef = AB41F2E61C90FE33009D7E63 /* Excercise.m */; };
		AB41F2ED1C90FE33009D7E63 /* Workout+CoreDataProperties.m in Sources */ = {isa = PBXBuildFile; fileRef = AB41F2E81C90FE33009D7E63 /* Workout+CoreDataProperties.m */; };
		AB41F2EE1C90FE33009D7E63 /* Workout.m in Sources */ = {isa = PBXBuildFile; fileRef = AB41F2EA1C90FE33009D7E63 /* Workout.m */; };
		AB41F2F11C90FE4C009D7E63 /* DataStore.m in Sources */ = {isa = PBXBuildFile; fileRef = AB41F2F01C90FE4C009D7E63 /* DataStore.m */; };
		AB41F2F81C91255D009D7E63 /* addIcon.png in Resources */ = {isa = PBXBuildFile; fileRef = AB41F2F71C91255D009D7E63 /* addIcon.png */; };
		AB41F3271C91FF55009D7E63 /* NewWorkoutViewController.m in Sources */ = {isa = PBXBuildFile; fileRef = AB41F3261C91FF55009D7E63 /* NewWorkoutViewController.m */; };
		ABA977701C99D41A00D04639 /* Main.storyboard in Resources */ = {isa = PBXBuildFile; fileRef = ABA9776F1C99D41A00D04639 /* Main.storyboard */; };
		ABA977A51C9B4AFB00D04639 /* WorkoutLogTableViewController.m in Sources */ = {isa = PBXBuildFile; fileRef = ABA977A41C9B4AFB00D04639 /* WorkoutLogTableViewController.m */; };
		ABA977A81C9B7EEC00D04639 /* WorkoutTableViewCell.m in Sources */ = {isa = PBXBuildFile; fileRef = ABA977A71C9B7EEC00D04639 /* WorkoutTableViewCell.m */; };
		ABA977B11C9CA7BB00D04639 /* Circuit+CoreDataProperties.m in Sources */ = {isa = PBXBuildFile; fileRef = ABA977AA1C9CA7BB00D04639 /* Circuit+CoreDataProperties.m */; };
		ABA977B21C9CA7BB00D04639 /* Circuit.m in Sources */ = {isa = PBXBuildFile; fileRef = ABA977AC1C9CA7BB00D04639 /* Circuit.m */; };
		ABA977B31C9CA7BB00D04639 /* ExcerciseSet+CoreDataProperties.m in Sources */ = {isa = PBXBuildFile; fileRef = ABA977AE1C9CA7BB00D04639 /* ExcerciseSet+CoreDataProperties.m */; };
		ABA977B41C9CA7BB00D04639 /* ExcerciseSet.m in Sources */ = {isa = PBXBuildFile; fileRef = ABA977B01C9CA7BB00D04639 /* ExcerciseSet.m */; };
		ABA977B91C9D9FD900D04639 /* User+CoreDataProperties.m in Sources */ = {isa = PBXBuildFile; fileRef = ABA977B61C9D9FD900D04639 /* User+CoreDataProperties.m */; };
		ABA977BA1C9D9FD900D04639 /* User.m in Sources */ = {isa = PBXBuildFile; fileRef = ABA977B81C9D9FD900D04639 /* User.m */; };
		ABA977BE1C9F5E2F00D04639 /* ExcerciseView.xib in Resources */ = {isa = PBXBuildFile; fileRef = ABA977BD1C9F5E2F00D04639 /* ExcerciseView.xib */; };
		ABA977C11C9F602E00D04639 /* RestView.m in Sources */ = {isa = PBXBuildFile; fileRef = ABA977C01C9F602E00D04639 /* RestView.m */; };
		ABA977C41C9F984A00D04639 /* ExcerciseView.m in Sources */ = {isa = PBXBuildFile; fileRef = ABA977C31C9F984A00D04639 /* ExcerciseView.m */; };
		ABA977C61C9F9FD000D04639 /* RestView.xib in Resources */ = {isa = PBXBuildFile; fileRef = ABA977C51C9F9FD000D04639 /* RestView.xib */; };
/* End PBXBuildFile section */

/* Begin PBXFileReference section */
		43C50A71DB08BD7B22B20E3C /* Pods-RealDudesWorkout.release.xcconfig */ = {isa = PBXFileReference; includeInIndex = 1; lastKnownFileType = text.xcconfig; name = "Pods-RealDudesWorkout.release.xcconfig"; path = "Pods/Target Support Files/Pods-RealDudesWorkout/Pods-RealDudesWorkout.release.xcconfig"; sourceTree = "<group>"; };
		6AC68073E94711102B10B694 /* Pods-RealDudesWorkout.debug.xcconfig */ = {isa = PBXFileReference; includeInIndex = 1; lastKnownFileType = text.xcconfig; name = "Pods-RealDudesWorkout.debug.xcconfig"; path = "Pods/Target Support Files/Pods-RealDudesWorkout/Pods-RealDudesWorkout.debug.xcconfig"; sourceTree = "<group>"; };
		7D8FA97201C279063F456360 /* libPods-RealDudesWorkout.a */ = {isa = PBXFileReference; explicitFileType = archive.ar; includeInIndex = 0; path = "libPods-RealDudesWorkout.a"; sourceTree = BUILT_PRODUCTS_DIR; };
		AB1220B81CA300A40067467C /* ExcerciseTableViewCell.h */ = {isa = PBXFileReference; fileEncoding = 4; lastKnownFileType = sourcecode.c.h; path = ExcerciseTableViewCell.h; sourceTree = "<group>"; };
		AB1220B91CA300A40067467C /* ExcerciseTableViewCell.m */ = {isa = PBXFileReference; fileEncoding = 4; lastKnownFileType = sourcecode.c.objc; path = ExcerciseTableViewCell.m; sourceTree = "<group>"; };
		AB1220BB1CA300ED0067467C /* RestTableViewCell.h */ = {isa = PBXFileReference; fileEncoding = 4; lastKnownFileType = sourcecode.c.h; path = RestTableViewCell.h; sourceTree = "<group>"; };
		AB1220BC1CA300ED0067467C /* RestTableViewCell.m */ = {isa = PBXFileReference; fileEncoding = 4; lastKnownFileType = sourcecode.c.objc; path = RestTableViewCell.m; sourceTree = "<group>"; };
		AB1220CD1CA45F660067467C /* ExcerciseCell.xib */ = {isa = PBXFileReference; fileEncoding = 4; lastKnownFileType = file.xib; path = ExcerciseCell.xib; sourceTree = "<group>"; };
		AB1220CF1CA461D00067467C /* RestCell.xib */ = {isa = PBXFileReference; fileEncoding = 4; lastKnownFileType = file.xib; path = RestCell.xib; sourceTree = "<group>"; };
		AB1220D11CA463010067467C /* WorkoutSummaryCell.xib */ = {isa = PBXFileReference; fileEncoding = 4; lastKnownFileType = file.xib; path = WorkoutSummaryCell.xib; sourceTree = "<group>"; };
		AB1220D31CA4768F0067467C /* WorkoutSummaryCellView.h */ = {isa = PBXFileReference; fileEncoding = 4; lastKnownFileType = sourcecode.c.h; path = WorkoutSummaryCellView.h; sourceTree = "<group>"; };
		AB1220D41CA4768F0067467C /* WorkoutSummaryCellView.m */ = {isa = PBXFileReference; fileEncoding = 4; lastKnownFileType = sourcecode.c.objc; path = WorkoutSummaryCellView.m; sourceTree = "<group>"; };
		AB1220D91CA47BC00067467C /* WorkoutSummaryTableViewCell.h */ = {isa = PBXFileReference; fileEncoding = 4; lastKnownFileType = sourcecode.c.h; path = WorkoutSummaryTableViewCell.h; sourceTree = "<group>"; };
		AB1220DA1CA47BC00067467C /* WorkoutSummaryTableViewCell.m */ = {isa = PBXFileReference; fileEncoding = 4; lastKnownFileType = sourcecode.c.objc; path = WorkoutSummaryTableViewCell.m; sourceTree = "<group>"; };
		AB1220DD1CA47FDB0067467C /* ExcerciseCellView.h */ = {isa = PBXFileReference; fileEncoding = 4; lastKnownFileType = sourcecode.c.h; path = ExcerciseCellView.h; sourceTree = "<group>"; };
		AB1220DE1CA47FDB0067467C /* ExcerciseCellView.m */ = {isa = PBXFileReference; fileEncoding = 4; lastKnownFileType = sourcecode.c.objc; path = ExcerciseCellView.m; sourceTree = "<group>"; };
		AB1220E01CA488390067467C /* PostWorkoutSummaryViewController.h */ = {isa = PBXFileReference; fileEncoding = 4; lastKnownFileType = sourcecode.c.h; path = PostWorkoutSummaryViewController.h; sourceTree = "<group>"; };
		AB1220E11CA488390067467C /* PostWorkoutSummaryViewController.m */ = {isa = PBXFileReference; fileEncoding = 4; lastKnownFileType = sourcecode.c.objc; path = PostWorkoutSummaryViewController.m; sourceTree = "<group>"; };
		AB1220E31CA5A6830067467C /* AccessoryWithName.xib */ = {isa = PBXFileReference; fileEncoding = 4; lastKnownFileType = file.xib; path = AccessoryWithName.xib; sourceTree = "<group>"; };
		AB1220E71CA5B2F00067467C /* AccessoryWithNameView.h */ = {isa = PBXFileReference; fileEncoding = 4; lastKnownFileType = sourcecode.c.h; path = AccessoryWithNameView.h; sourceTree = "<group>"; };
		AB1220E81CA5B2F00067467C /* AccessoryWithNameView.m */ = {isa = PBXFileReference; fileEncoding = 4; lastKnownFileType = sourcecode.c.objc; path = AccessoryWithNameView.m; sourceTree = "<group>"; };
		AB1D4D0E1C9628FD00E71342 /* Accessory+CoreDataProperties.h */ = {isa = PBXFileReference; fileEncoding = 4; lastKnownFileType = sourcecode.c.h; path = "Accessory+CoreDataProperties.h"; sourceTree = "<group>"; };
		AB1D4D0F1C9628FD00E71342 /* Accessory+CoreDataProperties.m */ = {isa = PBXFileReference; fileEncoding = 4; lastKnownFileType = sourcecode.c.objc; path = "Accessory+CoreDataProperties.m"; sourceTree = "<group>"; };
		AB1D4D101C9628FD00E71342 /* Accessory.h */ = {isa = PBXFileReference; fileEncoding = 4; lastKnownFileType = sourcecode.c.h; path = Accessory.h; sourceTree = "<group>"; };
		AB1D4D111C9628FD00E71342 /* Accessory.m */ = {isa = PBXFileReference; fileEncoding = 4; lastKnownFileType = sourcecode.c.objc; path = Accessory.m; sourceTree = "<group>"; };
		AB345D8C1C9260F800604D55 /* ActiveWorkoutViewController.h */ = {isa = PBXFileReference; fileEncoding = 4; lastKnownFileType = sourcecode.c.h; path = ActiveWorkoutViewController.h; sourceTree = "<group>"; };
		AB345D8D1C9260F800604D55 /* ActiveWorkoutViewController.m */ = {isa = PBXFileReference; fileEncoding = 4; lastKnownFileType = sourcecode.c.objc; path = ActiveWorkoutViewController.m; sourceTree = "<group>"; };
		AB345DA31C9498A100604D55 /* WorkoutDetailTableViewController.h */ = {isa = PBXFileReference; fileEncoding = 4; lastKnownFileType = sourcecode.c.h; path = WorkoutDetailTableViewController.h; sourceTree = "<group>"; };
		AB345DA41C9498A100604D55 /* WorkoutDetailTableViewController.m */ = {isa = PBXFileReference; fileEncoding = 4; lastKnownFileType = sourcecode.c.objc; path = WorkoutDetailTableViewController.m; sourceTree = "<group>"; };
		AB41F2C61C90FC25009D7E63 /* RealDudesWorkout.app */ = {isa = PBXFileReference; explicitFileType = wrapper.application; includeInIndex = 0; path = RealDudesWorkout.app; sourceTree = BUILT_PRODUCTS_DIR; };
		AB41F2CA1C90FC25009D7E63 /* main.m */ = {isa = PBXFileReference; lastKnownFileType = sourcecode.c.objc; path = main.m; sourceTree = "<group>"; };
		AB41F2CC1C90FC25009D7E63 /* AppDelegate.h */ = {isa = PBXFileReference; lastKnownFileType = sourcecode.c.h; path = AppDelegate.h; sourceTree = "<group>"; };
		AB41F2CD1C90FC25009D7E63 /* AppDelegate.m */ = {isa = PBXFileReference; lastKnownFileType = sourcecode.c.objc; path = AppDelegate.m; sourceTree = "<group>"; };
		AB41F2D51C90FC25009D7E63 /* Assets.xcassets */ = {isa = PBXFileReference; lastKnownFileType = folder.assetcatalog; path = Assets.xcassets; sourceTree = "<group>"; };
		AB41F2D81C90FC25009D7E63 /* Base */ = {isa = PBXFileReference; lastKnownFileType = file.storyboard; name = Base; path = Base.lproj/LaunchScreen.storyboard; sourceTree = "<group>"; };
		AB41F2DA1C90FC25009D7E63 /* Info.plist */ = {isa = PBXFileReference; lastKnownFileType = text.plist.xml; path = Info.plist; sourceTree = "<group>"; };
		AB41F2E11C90FC48009D7E63 /* Model.xcdatamodel */ = {isa = PBXFileReference; lastKnownFileType = wrapper.xcdatamodel; path = Model.xcdatamodel; sourceTree = "<group>"; };
		AB41F2E31C90FE33009D7E63 /* Excercise+CoreDataProperties.h */ = {isa = PBXFileReference; fileEncoding = 4; lastKnownFileType = sourcecode.c.h; path = "Excercise+CoreDataProperties.h"; sourceTree = "<group>"; };
		AB41F2E41C90FE33009D7E63 /* Excercise+CoreDataProperties.m */ = {isa = PBXFileReference; fileEncoding = 4; lastKnownFileType = sourcecode.c.objc; path = "Excercise+CoreDataProperties.m"; sourceTree = "<group>"; };
		AB41F2E51C90FE33009D7E63 /* Excercise.h */ = {isa = PBXFileReference; fileEncoding = 4; lastKnownFileType = sourcecode.c.h; path = Excercise.h; sourceTree = "<group>"; };
		AB41F2E61C90FE33009D7E63 /* Excercise.m */ = {isa = PBXFileReference; fileEncoding = 4; lastKnownFileType = sourcecode.c.objc; path = Excercise.m; sourceTree = "<group>"; };
		AB41F2E71C90FE33009D7E63 /* Workout+CoreDataProperties.h */ = {isa = PBXFileReference; fileEncoding = 4; lastKnownFileType = sourcecode.c.h; path = "Workout+CoreDataProperties.h"; sourceTree = "<group>"; };
		AB41F2E81C90FE33009D7E63 /* Workout+CoreDataProperties.m */ = {isa = PBXFileReference; fileEncoding = 4; lastKnownFileType = sourcecode.c.objc; path = "Workout+CoreDataProperties.m"; sourceTree = "<group>"; };
		AB41F2E91C90FE33009D7E63 /* Workout.h */ = {isa = PBXFileReference; fileEncoding = 4; lastKnownFileType = sourcecode.c.h; path = Workout.h; sourceTree = "<group>"; };
		AB41F2EA1C90FE33009D7E63 /* Workout.m */ = {isa = PBXFileReference; fileEncoding = 4; lastKnownFileType = sourcecode.c.objc; path = Workout.m; sourceTree = "<group>"; };
		AB41F2EF1C90FE4C009D7E63 /* DataStore.h */ = {isa = PBXFileReference; fileEncoding = 4; lastKnownFileType = sourcecode.c.h; path = DataStore.h; sourceTree = "<group>"; };
		AB41F2F01C90FE4C009D7E63 /* DataStore.m */ = {isa = PBXFileReference; fileEncoding = 4; lastKnownFileType = sourcecode.c.objc; path = DataStore.m; sourceTree = "<group>"; };
		AB41F2F71C91255D009D7E63 /* addIcon.png */ = {isa = PBXFileReference; lastKnownFileType = image.png; path = addIcon.png; sourceTree = "<group>"; };
		AB41F3251C91FF55009D7E63 /* NewWorkoutViewController.h */ = {isa = PBXFileReference; fileEncoding = 4; lastKnownFileType = sourcecode.c.h; path = NewWorkoutViewController.h; sourceTree = "<group>"; };
		AB41F3261C91FF55009D7E63 /* NewWorkoutViewController.m */ = {isa = PBXFileReference; fileEncoding = 4; lastKnownFileType = sourcecode.c.objc; path = NewWorkoutViewController.m; sourceTree = "<group>"; };
		ABA9776F1C99D41A00D04639 /* Main.storyboard */ = {isa = PBXFileReference; fileEncoding = 4; lastKnownFileType = file.storyboard; path = Main.storyboard; sourceTree = "<group>"; };
		ABA977A31C9B4AFB00D04639 /* WorkoutLogTableViewController.h */ = {isa = PBXFileReference; fileEncoding = 4; lastKnownFileType = sourcecode.c.h; path = WorkoutLogTableViewController.h; sourceTree = "<group>"; };
		ABA977A41C9B4AFB00D04639 /* WorkoutLogTableViewController.m */ = {isa = PBXFileReference; fileEncoding = 4; lastKnownFileType = sourcecode.c.objc; path = WorkoutLogTableViewController.m; sourceTree = "<group>"; };
		ABA977A61C9B7EEC00D04639 /* WorkoutTableViewCell.h */ = {isa = PBXFileReference; fileEncoding = 4; lastKnownFileType = sourcecode.c.h; path = WorkoutTableViewCell.h; sourceTree = "<group>"; };
		ABA977A71C9B7EEC00D04639 /* WorkoutTableViewCell.m */ = {isa = PBXFileReference; fileEncoding = 4; lastKnownFileType = sourcecode.c.objc; path = WorkoutTableViewCell.m; sourceTree = "<group>"; };
		ABA977A91C9CA7BB00D04639 /* Circuit+CoreDataProperties.h */ = {isa = PBXFileReference; fileEncoding = 4; lastKnownFileType = sourcecode.c.h; path = "Circuit+CoreDataProperties.h"; sourceTree = "<group>"; };
		ABA977AA1C9CA7BB00D04639 /* Circuit+CoreDataProperties.m */ = {isa = PBXFileReference; fileEncoding = 4; lastKnownFileType = sourcecode.c.objc; path = "Circuit+CoreDataProperties.m"; sourceTree = "<group>"; };
		ABA977AB1C9CA7BB00D04639 /* Circuit.h */ = {isa = PBXFileReference; fileEncoding = 4; lastKnownFileType = sourcecode.c.h; path = Circuit.h; sourceTree = "<group>"; };
		ABA977AC1C9CA7BB00D04639 /* Circuit.m */ = {isa = PBXFileReference; fileEncoding = 4; lastKnownFileType = sourcecode.c.objc; path = Circuit.m; sourceTree = "<group>"; };
		ABA977AD1C9CA7BB00D04639 /* ExcerciseSet+CoreDataProperties.h */ = {isa = PBXFileReference; fileEncoding = 4; lastKnownFileType = sourcecode.c.h; path = "ExcerciseSet+CoreDataProperties.h"; sourceTree = "<group>"; };
		ABA977AE1C9CA7BB00D04639 /* ExcerciseSet+CoreDataProperties.m */ = {isa = PBXFileReference; fileEncoding = 4; lastKnownFileType = sourcecode.c.objc; path = "ExcerciseSet+CoreDataProperties.m"; sourceTree = "<group>"; };
		ABA977AF1C9CA7BB00D04639 /* ExcerciseSet.h */ = {isa = PBXFileReference; fileEncoding = 4; lastKnownFileType = sourcecode.c.h; path = ExcerciseSet.h; sourceTree = "<group>"; };
		ABA977B01C9CA7BB00D04639 /* ExcerciseSet.m */ = {isa = PBXFileReference; fileEncoding = 4; lastKnownFileType = sourcecode.c.objc; path = ExcerciseSet.m; sourceTree = "<group>"; };
		ABA977B51C9D9FD900D04639 /* User+CoreDataProperties.h */ = {isa = PBXFileReference; fileEncoding = 4; lastKnownFileType = sourcecode.c.h; path = "User+CoreDataProperties.h"; sourceTree = "<group>"; };
		ABA977B61C9D9FD900D04639 /* User+CoreDataProperties.m */ = {isa = PBXFileReference; fileEncoding = 4; lastKnownFileType = sourcecode.c.objc; path = "User+CoreDataProperties.m"; sourceTree = "<group>"; };
		ABA977B71C9D9FD900D04639 /* User.h */ = {isa = PBXFileReference; fileEncoding = 4; lastKnownFileType = sourcecode.c.h; path = User.h; sourceTree = "<group>"; };
		ABA977B81C9D9FD900D04639 /* User.m */ = {isa = PBXFileReference; fileEncoding = 4; lastKnownFileType = sourcecode.c.objc; path = User.m; sourceTree = "<group>"; };
		ABA977BD1C9F5E2F00D04639 /* ExcerciseView.xib */ = {isa = PBXFileReference; fileEncoding = 4; lastKnownFileType = file.xib; path = ExcerciseView.xib; sourceTree = "<group>"; };
		ABA977BF1C9F602E00D04639 /* RestView.h */ = {isa = PBXFileReference; fileEncoding = 4; lastKnownFileType = sourcecode.c.h; path = RestView.h; sourceTree = "<group>"; };
		ABA977C01C9F602E00D04639 /* RestView.m */ = {isa = PBXFileReference; fileEncoding = 4; lastKnownFileType = sourcecode.c.objc; path = RestView.m; sourceTree = "<group>"; };
		ABA977C21C9F984A00D04639 /* ExcerciseView.h */ = {isa = PBXFileReference; fileEncoding = 4; lastKnownFileType = sourcecode.c.h; path = ExcerciseView.h; sourceTree = "<group>"; };
		ABA977C31C9F984A00D04639 /* ExcerciseView.m */ = {isa = PBXFileReference; fileEncoding = 4; lastKnownFileType = sourcecode.c.objc; path = ExcerciseView.m; sourceTree = "<group>"; };
		ABA977C51C9F9FD000D04639 /* RestView.xib */ = {isa = PBXFileReference; fileEncoding = 4; lastKnownFileType = file.xib; path = RestView.xib; sourceTree = "<group>"; };
/* End PBXFileReference section */

/* Begin PBXFrameworksBuildPhase section */
		AB41F2C31C90FC25009D7E63 /* Frameworks */ = {
			isa = PBXFrameworksBuildPhase;
			buildActionMask = 2147483647;
			files = (
				60455D2B2D3CC971690A19C9 /* libPods-RealDudesWorkout.a in Frameworks */,
			);
			runOnlyForDeploymentPostprocessing = 0;
		};
/* End PBXFrameworksBuildPhase section */

/* Begin PBXGroup section */
		AB1220B61CA2ED060067467C /* View for xibs */ = {
			isa = PBXGroup;
			children = (
				AB1220D31CA4768F0067467C /* WorkoutSummaryCellView.h */,
				AB1220D41CA4768F0067467C /* WorkoutSummaryCellView.m */,
				AB1220E71CA5B2F00067467C /* AccessoryWithNameView.h */,
				AB1220E81CA5B2F00067467C /* AccessoryWithNameView.m */,
				AB1220DD1CA47FDB0067467C /* ExcerciseCellView.h */,
				AB1220DE1CA47FDB0067467C /* ExcerciseCellView.m */,
				ABA977BF1C9F602E00D04639 /* RestView.h */,
				ABA977C01C9F602E00D04639 /* RestView.m */,
				ABA977C21C9F984A00D04639 /* ExcerciseView.h */,
				ABA977C31C9F984A00D04639 /* ExcerciseView.m */,
			);
			name = "View for xibs";
			sourceTree = "<group>";
		};
		AB1220B71CA2ED390067467C /* Table View Cells */ = {
			isa = PBXGroup;
			children = (
				AB1220D91CA47BC00067467C /* WorkoutSummaryTableViewCell.h */,
				AB1220DA1CA47BC00067467C /* WorkoutSummaryTableViewCell.m */,
				ABA977A61C9B7EEC00D04639 /* WorkoutTableViewCell.h */,
				ABA977A71C9B7EEC00D04639 /* WorkoutTableViewCell.m */,
				AB1220BB1CA300ED0067467C /* RestTableViewCell.h */,
				AB1220BC1CA300ED0067467C /* RestTableViewCell.m */,
				AB1220B81CA300A40067467C /* ExcerciseTableViewCell.h */,
				AB1220B91CA300A40067467C /* ExcerciseTableViewCell.m */,
			);
			name = "Table View Cells";
			sourceTree = "<group>";
		};
		AB1220DC1CA47F830067467C /* Xibs */ = {
			isa = PBXGroup;
			children = (
				AB1220E31CA5A6830067467C /* AccessoryWithName.xib */,
				AB1220D11CA463010067467C /* WorkoutSummaryCell.xib */,
				ABA977C51C9F9FD000D04639 /* RestView.xib */,
				ABA977BD1C9F5E2F00D04639 /* ExcerciseView.xib */,
				AB1220CD1CA45F660067467C /* ExcerciseCell.xib */,
				AB1220CF1CA461D00067467C /* RestCell.xib */,
			);
			name = Xibs;
			sourceTree = "<group>";
		};
		AB1D4D0D1C960BC400E71342 /* View Controllers */ = {
			isa = PBXGroup;
			children = (
				ABA977A31C9B4AFB00D04639 /* WorkoutLogTableViewController.h */,
				ABA977A41C9B4AFB00D04639 /* WorkoutLogTableViewController.m */,
				AB41F3251C91FF55009D7E63 /* NewWorkoutViewController.h */,
				AB41F3261C91FF55009D7E63 /* NewWorkoutViewController.m */,
				AB1220E01CA488390067467C /* PostWorkoutSummaryViewController.h */,
				AB1220E11CA488390067467C /* PostWorkoutSummaryViewController.m */,
				AB345D8C1C9260F800604D55 /* ActiveWorkoutViewController.h */,
				AB345D8D1C9260F800604D55 /* ActiveWorkoutViewController.m */,
				AB345DA31C9498A100604D55 /* WorkoutDetailTableViewController.h */,
				AB345DA41C9498A100604D55 /* WorkoutDetailTableViewController.m */,
			);
			name = "View Controllers";
			sourceTree = "<group>";
		};
		AB41F2BD1C90FC25009D7E63 = {
			isa = PBXGroup;
			children = (
				AB41F2C81C90FC25009D7E63 /* RealDudesWorkout */,
				AB41F2C71C90FC25009D7E63 /* Products */,
				C918D193EE97D04C10F86654 /* Pods */,
				BF5953C663E9C4E4B04E5544 /* Frameworks */,
			);
			sourceTree = "<group>";
		};
		AB41F2C71C90FC25009D7E63 /* Products */ = {
			isa = PBXGroup;
			children = (
				AB41F2C61C90FC25009D7E63 /* RealDudesWorkout.app */,
			);
			name = Products;
			sourceTree = "<group>";
		};
		AB41F2C81C90FC25009D7E63 /* RealDudesWorkout */ = {
			isa = PBXGroup;
			children = (
				AB41F2CC1C90FC25009D7E63 /* AppDelegate.h */,
				AB41F2CD1C90FC25009D7E63 /* AppDelegate.m */,
				ABA9776F1C99D41A00D04639 /* Main.storyboard */,
				AB1D4D0D1C960BC400E71342 /* View Controllers */,
				AB1220B71CA2ED390067467C /* Table View Cells */,
				AB1220DC1CA47F830067467C /* Xibs */,
				AB1220B61CA2ED060067467C /* View for xibs */,
				AB41F2F31C90FF73009D7E63 /* Singleton */,
				AB41F2EF1C90FE4C009D7E63 /* DataStore.h */,
				AB41F2F01C90FE4C009D7E63 /* DataStore.m */,
				AB41F2F21C90FE5D009D7E63 /* Core Data */,
				AB41F2D51C90FC25009D7E63 /* Assets.xcassets */,
				AB41F2F71C91255D009D7E63 /* addIcon.png */,
				AB41F2D71C90FC25009D7E63 /* LaunchScreen.storyboard */,
				AB41F2DA1C90FC25009D7E63 /* Info.plist */,
				AB41F2C91C90FC25009D7E63 /* Supporting Files */,
			);
			path = RealDudesWorkout;
			sourceTree = "<group>";
		};
		AB41F2C91C90FC25009D7E63 /* Supporting Files */ = {
			isa = PBXGroup;
			children = (
				AB41F2CA1C90FC25009D7E63 /* main.m */,
			);
			name = "Supporting Files";
			sourceTree = "<group>";
		};
		AB41F2F21C90FE5D009D7E63 /* Core Data */ = {
			isa = PBXGroup;
			children = (
				AB41F2E01C90FC48009D7E63 /* Model.xcdatamodeld */,
				ABA977B51C9D9FD900D04639 /* User+CoreDataProperties.h */,
				ABA977B61C9D9FD900D04639 /* User+CoreDataProperties.m */,
				ABA977B71C9D9FD900D04639 /* User.h */,
				ABA977B81C9D9FD900D04639 /* User.m */,
				ABA977A91C9CA7BB00D04639 /* Circuit+CoreDataProperties.h */,
				ABA977AA1C9CA7BB00D04639 /* Circuit+CoreDataProperties.m */,
				ABA977AB1C9CA7BB00D04639 /* Circuit.h */,
				ABA977AC1C9CA7BB00D04639 /* Circuit.m */,
				ABA977AD1C9CA7BB00D04639 /* ExcerciseSet+CoreDataProperties.h */,
				ABA977AE1C9CA7BB00D04639 /* ExcerciseSet+CoreDataProperties.m */,
				ABA977AF1C9CA7BB00D04639 /* ExcerciseSet.h */,
				ABA977B01C9CA7BB00D04639 /* ExcerciseSet.m */,
				AB1D4D0E1C9628FD00E71342 /* Accessory+CoreDataProperties.h */,
				AB1D4D0F1C9628FD00E71342 /* Accessory+CoreDataProperties.m */,
				AB1D4D101C9628FD00E71342 /* Accessory.h */,
				AB1D4D111C9628FD00E71342 /* Accessory.m */,
				AB41F2E31C90FE33009D7E63 /* Excercise+CoreDataProperties.h */,
				AB41F2E41C90FE33009D7E63 /* Excercise+CoreDataProperties.m */,
				AB41F2E51C90FE33009D7E63 /* Excercise.h */,
				AB41F2E61C90FE33009D7E63 /* Excercise.m */,
				AB41F2E71C90FE33009D7E63 /* Workout+CoreDataProperties.h */,
				AB41F2E81C90FE33009D7E63 /* Workout+CoreDataProperties.m */,
				AB41F2E91C90FE33009D7E63 /* Workout.h */,
				AB41F2EA1C90FE33009D7E63 /* Workout.m */,
			);
			name = "Core Data";
			sourceTree = "<group>";
		};
		AB41F2F31C90FF73009D7E63 /* Singleton */ = {
			isa = PBXGroup;
			children = (
			);
			name = Singleton;
			sourceTree = "<group>";
		};
		BF5953C663E9C4E4B04E5544 /* Frameworks */ = {
			isa = PBXGroup;
			children = (
				7D8FA97201C279063F456360 /* libPods-RealDudesWorkout.a */,
			);
			name = Frameworks;
			sourceTree = "<group>";
		};
		C918D193EE97D04C10F86654 /* Pods */ = {
			isa = PBXGroup;
			children = (
				6AC68073E94711102B10B694 /* Pods-RealDudesWorkout.debug.xcconfig */,
				43C50A71DB08BD7B22B20E3C /* Pods-RealDudesWorkout.release.xcconfig */,
			);
			name = Pods;
			sourceTree = "<group>";
		};
/* End PBXGroup section */

/* Begin PBXNativeTarget section */
		AB41F2C51C90FC25009D7E63 /* RealDudesWorkout */ = {
			isa = PBXNativeTarget;
			buildConfigurationList = AB41F2DD1C90FC25009D7E63 /* Build configuration list for PBXNativeTarget "RealDudesWorkout" */;
			buildPhases = (
				CA0432A1312A6AAA7CB85DA6 /* Check Pods Manifest.lock */,
				AB41F2C21C90FC25009D7E63 /* Sources */,
				AB41F2C31C90FC25009D7E63 /* Frameworks */,
				AB41F2C41C90FC25009D7E63 /* Resources */,
				BB2609E51DCFA859C1B425F1 /* Embed Pods Frameworks */,
				E4C9727CC9732480AC8FE88B /* Copy Pods Resources */,
			);
			buildRules = (
			);
			dependencies = (
			);
			name = RealDudesWorkout;
			productName = RealDudesWorkout;
			productReference = AB41F2C61C90FC25009D7E63 /* RealDudesWorkout.app */;
			productType = "com.apple.product-type.application";
		};
/* End PBXNativeTarget section */

/* Begin PBXProject section */
		AB41F2BE1C90FC25009D7E63 /* Project object */ = {
			isa = PBXProject;
			attributes = {
				LastUpgradeCheck = 0720;
				ORGANIZATIONNAME = "The Qwiz LLC";
				TargetAttributes = {
					AB41F2C51C90FC25009D7E63 = {
						CreatedOnToolsVersion = 7.2.1;
						DevelopmentTeam = 8NU54DBLJL;
					};
				};
			};
			buildConfigurationList = AB41F2C11C90FC25009D7E63 /* Build configuration list for PBXProject "RealDudesWorkout" */;
			compatibilityVersion = "Xcode 3.2";
			developmentRegion = English;
			hasScannedForEncodings = 0;
			knownRegions = (
				en,
				Base,
			);
			mainGroup = AB41F2BD1C90FC25009D7E63;
			productRefGroup = AB41F2C71C90FC25009D7E63 /* Products */;
			projectDirPath = "";
			projectRoot = "";
			targets = (
				AB41F2C51C90FC25009D7E63 /* RealDudesWorkout */,
			);
		};
/* End PBXProject section */

/* Begin PBXResourcesBuildPhase section */
		AB41F2C41C90FC25009D7E63 /* Resources */ = {
			isa = PBXResourcesBuildPhase;
			buildActionMask = 2147483647;
			files = (
				AB1220CE1CA45F660067467C /* ExcerciseCell.xib in Resources */,
				ABA977C61C9F9FD000D04639 /* RestView.xib in Resources */,
				ABA977BE1C9F5E2F00D04639 /* ExcerciseView.xib in Resources */,
				AB1220E41CA5A6830067467C /* AccessoryWithName.xib in Resources */,
				AB1220D01CA461D00067467C /* RestCell.xib in Resources */,
				AB41F2F81C91255D009D7E63 /* addIcon.png in Resources */,
				AB41F2D91C90FC25009D7E63 /* LaunchScreen.storyboard in Resources */,
				AB41F2D61C90FC25009D7E63 /* Assets.xcassets in Resources */,
				ABA977701C99D41A00D04639 /* Main.storyboard in Resources */,
				AB1220D21CA463010067467C /* WorkoutSummaryCell.xib in Resources */,
			);
			runOnlyForDeploymentPostprocessing = 0;
		};
/* End PBXResourcesBuildPhase section */

/* Begin PBXShellScriptBuildPhase section */
		BB2609E51DCFA859C1B425F1 /* Embed Pods Frameworks */ = {
			isa = PBXShellScriptBuildPhase;
			buildActionMask = 2147483647;
			files = (
			);
			inputPaths = (
			);
			name = "Embed Pods Frameworks";
			outputPaths = (
			);
			runOnlyForDeploymentPostprocessing = 0;
			shellPath = /bin/sh;
			shellScript = "\"${SRCROOT}/Pods/Target Support Files/Pods-RealDudesWorkout/Pods-RealDudesWorkout-frameworks.sh\"\n";
			showEnvVarsInLog = 0;
		};
		CA0432A1312A6AAA7CB85DA6 /* Check Pods Manifest.lock */ = {
			isa = PBXShellScriptBuildPhase;
			buildActionMask = 2147483647;
			files = (
			);
			inputPaths = (
			);
			name = "Check Pods Manifest.lock";
			outputPaths = (
			);
			runOnlyForDeploymentPostprocessing = 0;
			shellPath = /bin/sh;
			shellScript = "diff \"${PODS_ROOT}/../Podfile.lock\" \"${PODS_ROOT}/Manifest.lock\" > /dev/null\nif [[ $? != 0 ]] ; then\n    cat << EOM\nerror: The sandbox is not in sync with the Podfile.lock. Run 'pod install' or update your CocoaPods installation.\nEOM\n    exit 1\nfi\n";
			showEnvVarsInLog = 0;
		};
		E4C9727CC9732480AC8FE88B /* Copy Pods Resources */ = {
			isa = PBXShellScriptBuildPhase;
			buildActionMask = 2147483647;
			files = (
			);
			inputPaths = (
			);
			name = "Copy Pods Resources";
			outputPaths = (
			);
			runOnlyForDeploymentPostprocessing = 0;
			shellPath = /bin/sh;
			shellScript = "\"${SRCROOT}/Pods/Target Support Files/Pods-RealDudesWorkout/Pods-RealDudesWorkout-resources.sh\"\n";
			showEnvVarsInLog = 0;
		};
/* End PBXShellScriptBuildPhase section */

/* Begin PBXSourcesBuildPhase section */
		AB41F2C21C90FC25009D7E63 /* Sources */ = {
			isa = PBXSourcesBuildPhase;
			buildActionMask = 2147483647;
			files = (
				AB1220E91CA5B2F00067467C /* AccessoryWithNameView.m in Sources */,
				AB1220BA1CA300A40067467C /* ExcerciseTableViewCell.m in Sources */,
				AB41F2ED1C90FE33009D7E63 /* Workout+CoreDataProperties.m in Sources */,
				ABA977B31C9CA7BB00D04639 /* ExcerciseSet+CoreDataProperties.m in Sources */,
				AB1D4D131C9628FD00E71342 /* Accessory.m in Sources */,
				AB1D4D121C9628FD00E71342 /* Accessory+CoreDataProperties.m in Sources */,
				ABA977B41C9CA7BB00D04639 /* ExcerciseSet.m in Sources */,
				AB345DA51C9498A100604D55 /* WorkoutDetailTableViewController.m in Sources */,
				AB41F2EC1C90FE33009D7E63 /* Excercise.m in Sources */,
				AB1220BD1CA300ED0067467C /* RestTableViewCell.m in Sources */,
				AB41F2CE1C90FC25009D7E63 /* AppDelegate.m in Sources */,
				ABA977B91C9D9FD900D04639 /* User+CoreDataProperties.m in Sources */,
				AB41F3271C91FF55009D7E63 /* NewWorkoutViewController.m in Sources */,
				AB1220DB1CA47BC00067467C /* WorkoutSummaryTableViewCell.m in Sources */,
				ABA977BA1C9D9FD900D04639 /* User.m in Sources */,
				AB41F2CB1C90FC25009D7E63 /* main.m in Sources */,
				ABA977A81C9B7EEC00D04639 /* WorkoutTableViewCell.m in Sources */,
				AB41F2EB1C90FE33009D7E63 /* Excercise+CoreDataProperties.m in Sources */,
				AB41F2E21C90FC48009D7E63 /* Model.xcdatamodeld in Sources */,
				ABA977C41C9F984A00D04639 /* ExcerciseView.m in Sources */,
				AB1220DF1CA47FDB0067467C /* ExcerciseCellView.m in Sources */,
				AB41F2EE1C90FE33009D7E63 /* Workout.m in Sources */,
				ABA977A51C9B4AFB00D04639 /* WorkoutLogTableViewController.m in Sources */,
				ABA977B11C9CA7BB00D04639 /* Circuit+CoreDataProperties.m in Sources */,
				AB345D8E1C9260F800604D55 /* ActiveWorkoutViewController.m in Sources */,
				AB1220E21CA488390067467C /* PostWorkoutSummaryViewController.m in Sources */,
				AB1220D51CA4768F0067467C /* WorkoutSummaryCellView.m in Sources */,
				AB41F2F11C90FE4C009D7E63 /* DataStore.m in Sources */,
				ABA977C11C9F602E00D04639 /* RestView.m in Sources */,
				ABA977B21C9CA7BB00D04639 /* Circuit.m in Sources */,
			);
			runOnlyForDeploymentPostprocessing = 0;
		};
/* End PBXSourcesBuildPhase section */

/* Begin PBXVariantGroup section */
		AB41F2D71C90FC25009D7E63 /* LaunchScreen.storyboard */ = {
			isa = PBXVariantGroup;
			children = (
				AB41F2D81C90FC25009D7E63 /* Base */,
			);
			name = LaunchScreen.storyboard;
			sourceTree = "<group>";
		};
/* End PBXVariantGroup section */

/* Begin XCBuildConfiguration section */
		AB41F2DB1C90FC25009D7E63 /* Debug */ = {
			isa = XCBuildConfiguration;
			buildSettings = {
				ALWAYS_SEARCH_USER_PATHS = NO;
				CLANG_CXX_LANGUAGE_STANDARD = "gnu++0x";
				CLANG_CXX_LIBRARY = "libc++";
				CLANG_ENABLE_MODULES = YES;
				CLANG_ENABLE_OBJC_ARC = YES;
				CLANG_WARN_BOOL_CONVERSION = YES;
				CLANG_WARN_CONSTANT_CONVERSION = YES;
				CLANG_WARN_DIRECT_OBJC_ISA_USAGE = YES_ERROR;
				CLANG_WARN_EMPTY_BODY = YES;
				CLANG_WARN_ENUM_CONVERSION = YES;
				CLANG_WARN_INT_CONVERSION = YES;
				CLANG_WARN_OBJC_ROOT_CLASS = YES_ERROR;
				CLANG_WARN_UNREACHABLE_CODE = YES;
				CLANG_WARN__DUPLICATE_METHOD_MATCH = YES;
				"CODE_SIGN_IDENTITY[sdk=iphoneos*]" = "iPhone Developer";
				COPY_PHASE_STRIP = NO;
				DEBUG_INFORMATION_FORMAT = dwarf;
				ENABLE_STRICT_OBJC_MSGSEND = YES;
				ENABLE_TESTABILITY = YES;
				GCC_C_LANGUAGE_STANDARD = gnu99;
				GCC_DYNAMIC_NO_PIC = NO;
				GCC_NO_COMMON_BLOCKS = YES;
				GCC_OPTIMIZATION_LEVEL = 0;
				GCC_PREPROCESSOR_DEFINITIONS = (
					"DEBUG=1",
					"$(inherited)",
				);
				GCC_WARN_64_TO_32_BIT_CONVERSION = YES;
				GCC_WARN_ABOUT_RETURN_TYPE = YES_ERROR;
				GCC_WARN_UNDECLARED_SELECTOR = YES;
				GCC_WARN_UNINITIALIZED_AUTOS = YES_AGGRESSIVE;
				GCC_WARN_UNUSED_FUNCTION = YES;
				GCC_WARN_UNUSED_VARIABLE = YES;
				IPHONEOS_DEPLOYMENT_TARGET = 9.2;
				MTL_ENABLE_DEBUG_INFO = YES;
				ONLY_ACTIVE_ARCH = YES;
				SDKROOT = iphoneos;
			};
			name = Debug;
		};
		AB41F2DC1C90FC25009D7E63 /* Release */ = {
			isa = XCBuildConfiguration;
			buildSettings = {
				ALWAYS_SEARCH_USER_PATHS = NO;
				CLANG_CXX_LANGUAGE_STANDARD = "gnu++0x";
				CLANG_CXX_LIBRARY = "libc++";
				CLANG_ENABLE_MODULES = YES;
				CLANG_ENABLE_OBJC_ARC = YES;
				CLANG_WARN_BOOL_CONVERSION = YES;
				CLANG_WARN_CONSTANT_CONVERSION = YES;
				CLANG_WARN_DIRECT_OBJC_ISA_USAGE = YES_ERROR;
				CLANG_WARN_EMPTY_BODY = YES;
				CLANG_WARN_ENUM_CONVERSION = YES;
				CLANG_WARN_INT_CONVERSION = YES;
				CLANG_WARN_OBJC_ROOT_CLASS = YES_ERROR;
				CLANG_WARN_UNREACHABLE_CODE = YES;
				CLANG_WARN__DUPLICATE_METHOD_MATCH = YES;
				"CODE_SIGN_IDENTITY[sdk=iphoneos*]" = "iPhone Developer";
				COPY_PHASE_STRIP = NO;
				DEBUG_INFORMATION_FORMAT = "dwarf-with-dsym";
				ENABLE_NS_ASSERTIONS = NO;
				ENABLE_STRICT_OBJC_MSGSEND = YES;
				GCC_C_LANGUAGE_STANDARD = gnu99;
				GCC_NO_COMMON_BLOCKS = YES;
				GCC_WARN_64_TO_32_BIT_CONVERSION = YES;
				GCC_WARN_ABOUT_RETURN_TYPE = YES_ERROR;
				GCC_WARN_UNDECLARED_SELECTOR = YES;
				GCC_WARN_UNINITIALIZED_AUTOS = YES_AGGRESSIVE;
				GCC_WARN_UNUSED_FUNCTION = YES;
				GCC_WARN_UNUSED_VARIABLE = YES;
				IPHONEOS_DEPLOYMENT_TARGET = 9.2;
				MTL_ENABLE_DEBUG_INFO = NO;
				SDKROOT = iphoneos;
				VALIDATE_PRODUCT = YES;
			};
			name = Release;
		};
		AB41F2DE1C90FC25009D7E63 /* Debug */ = {
			isa = XCBuildConfiguration;
			baseConfigurationReference = 6AC68073E94711102B10B694 /* Pods-RealDudesWorkout.debug.xcconfig */;
			buildSettings = {
				ASSETCATALOG_COMPILER_APPICON_NAME = AppIcon;
				CODE_SIGN_IDENTITY = "iPhone Developer";
				"CODE_SIGN_IDENTITY[sdk=iphoneos*]" = "iPhone Developer";
				INFOPLIST_FILE = RealDudesWorkout/Info.plist;
				LD_RUNPATH_SEARCH_PATHS = "$(inherited) @executable_path/Frameworks";
				PRODUCT_BUNDLE_IDENTIFIER = Qwiz.RealDudesWorkout;
				PRODUCT_NAME = "$(TARGET_NAME)";
				PROVISIONING_PROFILE = "";
			};
			name = Debug;
		};
		AB41F2DF1C90FC25009D7E63 /* Release */ = {
			isa = XCBuildConfiguration;
			baseConfigurationReference = 43C50A71DB08BD7B22B20E3C /* Pods-RealDudesWorkout.release.xcconfig */;
			buildSettings = {
				ASSETCATALOG_COMPILER_APPICON_NAME = AppIcon;
				CODE_SIGN_IDENTITY = "iPhone Developer";
				"CODE_SIGN_IDENTITY[sdk=iphoneos*]" = "iPhone Developer";
				INFOPLIST_FILE = RealDudesWorkout/Info.plist;
				LD_RUNPATH_SEARCH_PATHS = "$(inherited) @executable_path/Frameworks";
				PRODUCT_BUNDLE_IDENTIFIER = Qwiz.RealDudesWorkout;
				PRODUCT_NAME = "$(TARGET_NAME)";
				PROVISIONING_PROFILE = "";
			};
			name = Release;
		};
/* End XCBuildConfiguration section */

/* Begin XCConfigurationList section */
		AB41F2C11C90FC25009D7E63 /* Build configuration list for PBXProject "RealDudesWorkout" */ = {
			isa = XCConfigurationList;
			buildConfigurations = (
				AB41F2DB1C90FC25009D7E63 /* Debug */,
				AB41F2DC1C90FC25009D7E63 /* Release */,
			);
			defaultConfigurationIsVisible = 0;
			defaultConfigurationName = Release;
		};
		AB41F2DD1C90FC25009D7E63 /* Build configuration list for PBXNativeTarget "RealDudesWorkout" */ = {
			isa = XCConfigurationList;
			buildConfigurations = (
				AB41F2DE1C90FC25009D7E63 /* Debug */,
				AB41F2DF1C90FC25009D7E63 /* Release */,
			);
			defaultConfigurationIsVisible = 0;
			defaultConfigurationName = Release;
		};
/* End XCConfigurationList section */

/* Begin XCVersionGroup section */
		AB41F2E01C90FC48009D7E63 /* Model.xcdatamodeld */ = {
			isa = XCVersionGroup;
			children = (
				AB41F2E11C90FC48009D7E63 /* Model.xcdatamodel */,
			);
			currentVersion = AB41F2E11C90FC48009D7E63 /* Model.xcdatamodel */;
			path = Model.xcdatamodeld;
			sourceTree = "<group>";
			versionGroupType = wrapper.xcdatamodel;
		};
/* End XCVersionGroup section */
	};
	rootObject = AB41F2BE1C90FC25009D7E63 /* Project object */;
}
